<?xml version="1.0" encoding="UTF-8" standalone="yes" ?>
<CodeBlocks_project_file>
	<FileVersion major="1" minor="6" />
	<Project>
		<Option title="Warzone 2100" />
		<Option pch_mode="2" />
		<Option compiler="gcc" />
		<Build>
			<Target title="AutoRevision">
				<Option output="build_tools/autorevision/autorevision" prefix_auto="0" extension_auto="1" />
				<Option type="1" />
				<Option compiler="gcc" />
				<Option use_console_runner="0" />
				<Option projectLinkerOptionsRelation="1" />
				<Linker>
					<Add option="-s" />
				</Linker>
			</Target>
			<Target title="DBGUnix">
				<Option platforms="Unix;" />
				<Option output="bin/Debug/warzone2100" prefix_auto="1" extension_auto="1" />
				<Option object_output="obj/Debug/" />
				<Option type="0" />
				<Option compiler="gcc" />
				<Option parameters="--datadir data" />
				<Compiler>
					<Add option="-g" />
					<Add option="`pkg-config --cflags sdl openal libpng vorbisfile`" />
					<Add option="-DDEBUG" />
					<Add option='-DPACKAGE_DISTRIBUTOR=\\&quot;UNKNOWN\\&quot;' />
					<Add option='-DPACKAGE_VERSION=\\&quot;TRUNK\\&quot;' />
					<Add option='-DLOCALEDIR=\\&quot;\\&quot;' />
					<Add option='-DPACKAGE=\\&quot;warzone2100\\&quot;' />
					<Add option="-D_GNU_SOURCE=1" />
				</Compiler>
				<Linker>
					<Add option="`pkg-config --libs sdl openal libpng vorbisfile`" />
					<Add library="m" />
					<Add library="pthread" />
					<Add library="GL" />
					<Add library="GLU" />
				</Linker>
				<ExtraCommands>
					<Add before="build_tools/autorevision/autorevision +cstr . src/autorevision.h" />
				</ExtraCommands>
			</Target>
			<Target title="NDBGUnix">
				<Option platforms="Unix;" />
				<Option output="bin/Release/warzone2100" prefix_auto="1" extension_auto="1" />
				<Option object_output="obj/Release/" />
				<Option type="0" />
				<Option compiler="gcc" />
				<Option parameters="--datadir data" />
				<Compiler>
					<Add option="-O2" />
					<Add option="`pkg-config --cflags sdl openal libpng vorbisfile`" />
					<Add option="-DNDEBUG" />
					<Add option='-DPACKAGE_DISTRIBUTOR=\\&quot;UNKNOWN\\&quot;' />
					<Add option='-DPACKAGE_VERSION=\\&quot;TRUNK\\&quot;' />
					<Add option='-DLOCALEDIR=\\&quot;\\&quot;' />
					<Add option='-DPACKAGE=\\&quot;warzone2100\\&quot;' />
					<Add option="-D_GNU_SOURCE=1" />
				</Compiler>
				<Linker>
					<Add option="-s" />
					<Add option="`pkg-config --libs sdl openal libpng vorbisfile`" />
					<Add library="m" />
					<Add library="pthread" />
					<Add library="GL" />
					<Add library="GLU" />
				</Linker>
				<ExtraCommands>
					<Add before="build_tools/autorevision/autorevision +cstr . src/autorevision.h" />
				</ExtraCommands>
			</Target>
			<Target title="DBGWindows">
				<Option platforms="Windows;" />
				<Option output="bin/Debug/warzone2100" prefix_auto="1" extension_auto="1" />
				<Option object_output="obj/Debug/" />
				<Option type="0" />
				<Option compiler="gcc" />
				<Option parameters="--datadir data" />
				<Compiler>
					<Add option="-g" />
					<Add option="-DDEBUG" />
					<Add option='-DPACKAGE_DISTRIBUTOR=\&quot;UNKNOWN\&quot;' />
					<Add option='-DPACKAGE_VERSION=\&quot;TRUNK\&quot;' />
					<Add option='-DLOCALEDIR=\&quot;\&quot;' />
					<Add option='-DPACKAGE=\&quot;warzone2100\&quot;' />
					<Add option="-DWIN32" />
					<Add option="-DYY_STATIC" />
					<Add directory="$(#warzone_devpkg.include)" />
					<Add directory="$(#warzone_devpkg.include)/SDL" />
				</Compiler>
				<Linker>
					<Add library="mingw32" />
					<Add library="SDLmain" />
					<Add library="z" />
					<Add library="gdi32" />
					<Add library="opengl32" />
					<Add library="glu32" />
					<Add library="openal32" />
					<Add library="dbghelp" />
					<Add library="winmm" />
					<Add library="wsock32" />
					<Add library="intl" />
					<Add library="freetype" />
					<Add library="fontconfig" />
					<Add library="expat" />
					<Add library="iconv" />
					<Add library="bfd" />
					<Add library="iberty" />
					<Add directory="$(#warzone_devpkg.lib)" />
				</Linker>
				<ExtraCommands>
					<Add before="build_tools/autorevision/autorevision +cstr . src/autorevision.h" />
				</ExtraCommands>
			</Target>
			<Target title="NDBGWindows">
				<Option platforms="Windows;" />
				<Option output="bin/Release/warzone2100" prefix_auto="1" extension_auto="1" />
				<Option object_output="obj/Release/" />
				<Option type="0" />
				<Option compiler="gcc" />
				<Option parameters="--datadir data" />
				<Compiler>
					<Add option="-O2" />
					<Add option="-g" />
					<Add option="-DNDEBUG" />
					<Add option='-DPACKAGE_DISTRIBUTOR=\&quot;UNKNOWN\&quot;' />
					<Add option='-DPACKAGE_VERSION=\&quot;TRUNK\&quot;' />
					<Add option='-DLOCALEDIR=\&quot;\&quot;' />
					<Add option='-DPACKAGE=\&quot;warzone2100\&quot;' />
					<Add option="-DWIN32" />
					<Add option="-DYY_STATIC" />
					<Add directory="$(#warzone_devpkg.include)" />
					<Add directory="$(#warzone_devpkg.include)/SDL" />
				</Compiler>
				<Linker>
					<Add library="mingw32" />
					<Add library="SDLmain" />
					<Add library="z" />
					<Add library="gdi32" />
					<Add library="opengl32" />
					<Add library="glu32" />
					<Add library="openal32" />
					<Add library="dbghelp" />
					<Add library="winmm" />
					<Add library="wsock32" />
					<Add library="intl" />
					<Add library="freetype" />
					<Add library="fontconfig" />
					<Add library="expat" />
					<Add library="iconv" />
					<Add library="bfd" />
					<Add library="iberty" />
					<Add directory="$(#warzone_devpkg.lib)" />
				</Linker>
				<ExtraCommands>
					<Add before="build_tools/autorevision/autorevision +cstr . src/autorevision.h" />
				</ExtraCommands>
			</Target>
		</Build>
		<VirtualTargets>
			<Add alias="All-Unix" targets="AutoRevision;DBGUnix;NDBGUnix;" />
			<Add alias="All-Windows" targets="AutoRevision;DBGWindows;NDBGWindows;" />
			<Add alias="Debug-Unix" targets="AutoRevision;DBGUnix;" />
			<Add alias="Debug-Windows" targets="AutoRevision;DBGWindows;" />
			<Add alias="Release-Unix" targets="AutoRevision;NDBGUnix;" />
			<Add alias="Release-Windows" targets="AutoRevision;NDBGWindows;" />
		</VirtualTargets>
		<Compiler>
			<Add option="-Wall" />
			<Add option="-Werror-implicit-function-declaration" />
			<Add option="-std=gnu99" />
			<Add option="-DENABLE_NLS=1" />
			<Add directory="." />
		</Compiler>
		<Linker>
			<Add library="popt" />
			<Add library="physfs" />
			<Add library="png" />
			<Add library="SDL" />
			<Add library="SDL_net" />
			<Add library="vorbisfile" />
			<Add library="vorbis" />
			<Add library="ogg" />
			<Add library="GLC" />
		</Linker>
		<Unit filename="build_tools/autorevision/autorevision.cpp">
			<Option target="AutoRevision" />
		</Unit>
		<Unit filename="lib/exceptionhandler/exceptionhandler.c">
			<Option compilerVar="CC" />
			<Option target="DBGUnix" />
			<Option target="NDBGUnix" />
			<Option target="DBGWindows" />
			<Option target="NDBGWindows" />
		</Unit>
		<Unit filename="lib/exceptionhandler/exceptionhandler.h">
			<Option target="DBGUnix" />
			<Option target="NDBGUnix" />
			<Option target="DBGWindows" />
			<Option target="NDBGWindows" />
		</Unit>
		<Unit filename="lib/exceptionhandler/exchndl.c">
			<Option compilerVar="CC" />
			<Option target="DBGWindows" />
			<Option target="NDBGWindows" />
		</Unit>
		<Unit filename="lib/exceptionhandler/exchndl.h">
			<Option target="DBGWindows" />
			<Option target="NDBGWindows" />
		</Unit>
		<Unit filename="lib/exceptionhandler/dumpinfo.cpp">
			<Option target="DBGUnix" />
			<Option target="NDBGUnix" />
			<Option target="DBGWindows" />
			<Option target="NDBGWindows" />
		</Unit>
		<Unit filename="lib/framework/SDL_framerate.c">
			<Option compilerVar="CC" />
			<Option target="DBGUnix" />
			<Option target="NDBGUnix" />
			<Option target="DBGWindows" />
			<Option target="NDBGWindows" />
		</Unit>
		<Unit filename="lib/framework/SDL_framerate.h">
			<Option target="DBGUnix" />
			<Option target="NDBGUnix" />
			<Option target="DBGWindows" />
			<Option target="NDBGWindows" />
		</Unit>
		<Unit filename="lib/framework/config-macosx.h">
			<Option target="DBGUnix" />
			<Option target="NDBGUnix" />
			<Option target="DBGWindows" />
			<Option target="NDBGWindows" />
		</Unit>
		<Unit filename="lib/framework/configfile.c">
			<Option compilerVar="CC" />
			<Option target="DBGUnix" />
			<Option target="NDBGUnix" />
			<Option target="DBGWindows" />
			<Option target="NDBGWindows" />
		</Unit>
		<Unit filename="lib/framework/configfile.h">
			<Option target="DBGUnix" />
			<Option target="NDBGUnix" />
			<Option target="DBGWindows" />
			<Option target="NDBGWindows" />
		</Unit>
		<Unit filename="lib/framework/cursors.c">
			<Option compilerVar="CC" />
			<Option target="DBGUnix" />
			<Option target="NDBGUnix" />
			<Option target="DBGWindows" />
			<Option target="NDBGWindows" />
		</Unit>
		<Unit filename="lib/framework/cursors.h">
			<Option target="DBGUnix" />
			<Option target="NDBGUnix" />
			<Option target="DBGWindows" />
			<Option target="NDBGWindows" />
		</Unit>
		<Unit filename="lib/framework/cursors16.c">
			<Option compilerVar="CC" />
			<Option target="DBGUnix" />
			<Option target="NDBGUnix" />
			<Option target="DBGWindows" />
			<Option target="NDBGWindows" />
		</Unit>
		<Unit filename="lib/framework/cursors32.c">
			<Option compilerVar="CC" />
			<Option target="DBGUnix" />
			<Option target="NDBGUnix" />
			<Option target="DBGWindows" />
			<Option target="NDBGWindows" />
		</Unit>
		<Unit filename="lib/framework/debug.c">
			<Option compilerVar="CC" />
			<Option target="DBGUnix" />
			<Option target="NDBGUnix" />
			<Option target="DBGWindows" />
			<Option target="NDBGWindows" />
		</Unit>
		<Unit filename="lib/framework/debug.h">
			<Option target="DBGUnix" />
			<Option target="NDBGUnix" />
			<Option target="DBGWindows" />
			<Option target="NDBGWindows" />
		</Unit>
		<Unit filename="lib/framework/frame.c">
			<Option compilerVar="CC" />
			<Option target="DBGUnix" />
			<Option target="NDBGUnix" />
			<Option target="DBGWindows" />
			<Option target="NDBGWindows" />
		</Unit>
		<Unit filename="lib/framework/frame.h">
			<Option target="DBGUnix" />
			<Option target="NDBGUnix" />
			<Option target="DBGWindows" />
			<Option target="NDBGWindows" />
		</Unit>
		<Unit filename="lib/framework/frameint.h">
			<Option target="DBGUnix" />
			<Option target="NDBGUnix" />
			<Option target="DBGWindows" />
			<Option target="NDBGWindows" />
		</Unit>
		<Unit filename="lib/framework/frameresource.c">
			<Option compilerVar="CC" />
			<Option target="DBGUnix" />
			<Option target="NDBGUnix" />
			<Option target="DBGWindows" />
			<Option target="NDBGWindows" />
		</Unit>
		<Unit filename="lib/framework/frameresource.h">
			<Option target="DBGUnix" />
			<Option target="NDBGUnix" />
			<Option target="DBGWindows" />
			<Option target="NDBGWindows" />
		</Unit>
		<Unit filename="lib/framework/gettext.h">
			<Option target="DBGUnix" />
			<Option target="NDBGUnix" />
			<Option target="DBGWindows" />
			<Option target="NDBGWindows" />
		</Unit>
		<Unit filename="lib/framework/i18n.c">
			<Option compilerVar="CC" />
			<Option target="DBGUnix" />
			<Option target="NDBGUnix" />
			<Option target="DBGWindows" />
			<Option target="NDBGWindows" />
		</Unit>
		<Unit filename="lib/framework/i18n.h">
			<Option target="DBGUnix" />
			<Option target="NDBGUnix" />
			<Option target="DBGWindows" />
			<Option target="NDBGWindows" />
		</Unit>
		<Unit filename="lib/framework/input.c">
			<Option compilerVar="CC" />
			<Option target="DBGUnix" />
			<Option target="NDBGUnix" />
			<Option target="DBGWindows" />
			<Option target="NDBGWindows" />
		</Unit>
		<Unit filename="lib/framework/input.h">
			<Option target="DBGUnix" />
			<Option target="NDBGUnix" />
			<Option target="DBGWindows" />
			<Option target="NDBGWindows" />
		</Unit>
		<Unit filename="lib/framework/lexer_input.c">
			<Option compilerVar="CC" />
			<Option target="DBGUnix" />
			<Option target="NDBGUnix" />
			<Option target="DBGWindows" />
			<Option target="NDBGWindows" />
		</Unit>
		<Unit filename="lib/framework/lexer_input.h">
			<Option target="DBGUnix" />
			<Option target="NDBGUnix" />
			<Option target="DBGWindows" />
			<Option target="NDBGWindows" />
		</Unit>
		<Unit filename="lib/framework/listmacs.h">
			<Option target="DBGUnix" />
			<Option target="NDBGUnix" />
			<Option target="DBGWindows" />
			<Option target="NDBGWindows" />
		</Unit>
		<Unit filename="lib/framework/macros.h">
			<Option target="DBGUnix" />
			<Option target="NDBGUnix" />
			<Option target="DBGWindows" />
			<Option target="NDBGWindows" />
		</Unit>
		<Unit filename="lib/framework/math-help.h">
			<Option target="DBGUnix" />
			<Option target="NDBGUnix" />
			<Option target="DBGWindows" />
			<Option target="NDBGWindows" />
		</Unit>
		<Unit filename="lib/framework/printf_ext.c">
			<Option compilerVar="CC" />
			<Option target="DBGUnix" />
			<Option target="NDBGUnix" />
			<Option target="DBGWindows" />
			<Option target="NDBGWindows" />
		</Unit>
		<Unit filename="lib/framework/printf_ext.h">
			<Option target="DBGUnix" />
			<Option target="NDBGUnix" />
			<Option target="DBGWindows" />
			<Option target="NDBGWindows" />
		</Unit>
		<Unit filename="lib/framework/resly.h">
			<Option target="DBGUnix" />
			<Option target="NDBGUnix" />
			<Option target="DBGWindows" />
			<Option target="NDBGWindows" />
		</Unit>
		<Unit filename="lib/framework/resource_lexer.l">
			<Option compilerVar="CC" />
			<Option compile="1" />
			<Option link="1" />
			<Option compiler="gcc" use="1" buildCommand="flex -o$file.c $file\n$compiler $options $includes -c $file.c -o $object" />
			<Option target="DBGUnix" />
			<Option target="NDBGUnix" />
			<Option target="DBGWindows" />
			<Option target="NDBGWindows" />
		</Unit>
		<Unit filename="lib/framework/resource_parser.y">
			<Option compilerVar="CC" />
			<Option compile="1" />
			<Option link="1" />
			<Option weight="10" />
			<Option compiler="gcc" use="1" buildCommand="bison -y -d -olib/framework/resource_parser.tab.c $file\n$compiler $options $includes -c lib/framework/resource_parser.tab.c -o $object" />
			<Option target="DBGUnix" />
			<Option target="NDBGUnix" />
			<Option target="DBGWindows" />
			<Option target="NDBGWindows" />
		</Unit>
		<Unit filename="lib/framework/strlfuncs.h">
			<Option target="DBGUnix" />
			<Option target="NDBGUnix" />
			<Option target="DBGWindows" />
			<Option target="NDBGWindows" />
		</Unit>
		<Unit filename="lib/framework/strnlen1.c">
			<Option compilerVar="CC" />
			<Option target="DBGUnix" />
			<Option target="NDBGUnix" />
			<Option target="DBGWindows" />
			<Option target="NDBGWindows" />
		</Unit>
		<Unit filename="lib/framework/strnlen1.h">
			<Option target="DBGUnix" />
			<Option target="NDBGUnix" />
			<Option target="DBGWindows" />
			<Option target="NDBGWindows" />
		</Unit>
		<Unit filename="lib/framework/strres.c">
			<Option compilerVar="CC" />
			<Option target="DBGUnix" />
			<Option target="NDBGUnix" />
			<Option target="DBGWindows" />
			<Option target="NDBGWindows" />
		</Unit>
		<Unit filename="lib/framework/strres.h">
			<Option target="DBGUnix" />
			<Option target="NDBGUnix" />
			<Option target="DBGWindows" />
			<Option target="NDBGWindows" />
		</Unit>
		<Unit filename="lib/framework/strres_lexer.l">
			<Option compilerVar="CC" />
			<Option compile="1" />
			<Option link="1" />
			<Option compiler="gcc" use="1" buildCommand="flex -o$file.c $file\n$compiler $options $includes -c $file.c -o $object" />
			<Option target="DBGUnix" />
			<Option target="NDBGUnix" />
			<Option target="DBGWindows" />
			<Option target="NDBGWindows" />
		</Unit>
		<Unit filename="lib/framework/strres_parser.y">
			<Option compilerVar="CC" />
			<Option compile="1" />
			<Option link="1" />
			<Option weight="10" />
			<Option compiler="gcc" use="1" buildCommand="bison -y -d -olib/framework/strres_parser.tab.c $file\n$compiler $options $includes -c lib/framework/strres_parser.tab.c -o $object" />
			<Option target="DBGUnix" />
			<Option target="NDBGUnix" />
			<Option target="DBGWindows" />
			<Option target="NDBGWindows" />
		</Unit>
		<Unit filename="lib/framework/strresly.h">
			<Option target="DBGUnix" />
			<Option target="NDBGUnix" />
			<Option target="DBGWindows" />
			<Option target="NDBGWindows" />
		</Unit>
		<Unit filename="lib/framework/tagfile.c">
			<Option compilerVar="CC" />
			<Option target="DBGUnix" />
			<Option target="NDBGUnix" />
			<Option target="DBGWindows" />
			<Option target="NDBGWindows" />
		</Unit>
		<Unit filename="lib/framework/tagfile.h">
			<Option target="DBGUnix" />
			<Option target="NDBGUnix" />
			<Option target="DBGWindows" />
			<Option target="NDBGWindows" />
		</Unit>
		<Unit filename="lib/framework/treap.c">
			<Option compilerVar="CC" />
			<Option target="DBGUnix" />
			<Option target="NDBGUnix" />
			<Option target="DBGWindows" />
			<Option target="NDBGWindows" />
		</Unit>
		<Unit filename="lib/framework/treap.h">
			<Option target="DBGUnix" />
			<Option target="NDBGUnix" />
			<Option target="DBGWindows" />
			<Option target="NDBGWindows" />
		</Unit>
		<Unit filename="lib/framework/treapint.h">
			<Option target="DBGUnix" />
			<Option target="NDBGUnix" />
			<Option target="DBGWindows" />
			<Option target="NDBGWindows" />
		</Unit>
		<Unit filename="lib/framework/trig.c">
			<Option compilerVar="CC" />
			<Option target="DBGUnix" />
			<Option target="NDBGUnix" />
			<Option target="DBGWindows" />
			<Option target="NDBGWindows" />
		</Unit>
		<Unit filename="lib/framework/trig.h">
			<Option target="DBGUnix" />
			<Option target="NDBGUnix" />
			<Option target="DBGWindows" />
			<Option target="NDBGWindows" />
		</Unit>
		<Unit filename="lib/framework/types.h">
			<Option target="DBGUnix" />
			<Option target="NDBGUnix" />
			<Option target="DBGWindows" />
			<Option target="NDBGWindows" />
		</Unit>
		<Unit filename="lib/framework/wzglobal.h">
			<Option target="DBGUnix" />
			<Option target="NDBGUnix" />
			<Option target="DBGWindows" />
			<Option target="NDBGWindows" />
		</Unit>
		<Unit filename="lib/gamelib/anim.c">
			<Option compilerVar="CC" />
			<Option target="DBGUnix" />
			<Option target="NDBGUnix" />
			<Option target="DBGWindows" />
			<Option target="NDBGWindows" />
		</Unit>
		<Unit filename="lib/gamelib/anim.h">
			<Option target="DBGUnix" />
			<Option target="NDBGUnix" />
			<Option target="DBGWindows" />
			<Option target="NDBGWindows" />
		</Unit>
		<Unit filename="lib/gamelib/animobj.c">
			<Option compilerVar="CC" />
			<Option target="DBGUnix" />
			<Option target="NDBGUnix" />
			<Option target="DBGWindows" />
			<Option target="NDBGWindows" />
		</Unit>
		<Unit filename="lib/gamelib/animobj.h">
			<Option target="DBGUnix" />
			<Option target="NDBGUnix" />
			<Option target="DBGWindows" />
			<Option target="NDBGWindows" />
		</Unit>
		<Unit filename="lib/gamelib/audp_lexer.l">
			<Option compilerVar="CC" />
			<Option compile="1" />
			<Option link="1" />
			<Option compiler="gcc" use="1" buildCommand="flex -o$file.c $file\n$compiler $options $includes -c $file.c -o $object" />
			<Option target="DBGUnix" />
			<Option target="NDBGUnix" />
			<Option target="DBGWindows" />
			<Option target="NDBGWindows" />
		</Unit>
		<Unit filename="lib/gamelib/audp_parser.y">
			<Option compilerVar="CC" />
			<Option compile="1" />
			<Option link="1" />
			<Option weight="10" />
			<Option compiler="gcc" use="1" buildCommand="bison -y -d -olib/gamelib/audp_parser.tab.c $file\n$compiler $options $includes -c lib/gamelib/audp_parser.tab.c -o $object" />
			<Option target="DBGUnix" />
			<Option target="NDBGUnix" />
			<Option target="DBGWindows" />
			<Option target="NDBGWindows" />
		</Unit>
		<Unit filename="lib/gamelib/gtime.c">
			<Option compilerVar="CC" />
			<Option target="DBGUnix" />
			<Option target="NDBGUnix" />
			<Option target="DBGWindows" />
			<Option target="NDBGWindows" />
		</Unit>
		<Unit filename="lib/gamelib/gtime.h">
			<Option target="DBGUnix" />
			<Option target="NDBGUnix" />
			<Option target="DBGWindows" />
			<Option target="NDBGWindows" />
		</Unit>
		<Unit filename="lib/gamelib/hashtabl.c">
			<Option compilerVar="CC" />
			<Option target="DBGUnix" />
			<Option target="NDBGUnix" />
			<Option target="DBGWindows" />
			<Option target="NDBGWindows" />
		</Unit>
		<Unit filename="lib/gamelib/hashtabl.h">
			<Option target="DBGUnix" />
			<Option target="NDBGUnix" />
			<Option target="DBGWindows" />
			<Option target="NDBGWindows" />
		</Unit>
		<Unit filename="lib/gamelib/parser.h">
			<Option target="DBGUnix" />
			<Option target="NDBGUnix" />
			<Option target="DBGWindows" />
			<Option target="NDBGWindows" />
		</Unit>
		<Unit filename="lib/ivis_common/bitimage.c">
			<Option compilerVar="CC" />
			<Option target="DBGUnix" />
			<Option target="NDBGUnix" />
			<Option target="DBGWindows" />
			<Option target="NDBGWindows" />
		</Unit>
		<Unit filename="lib/ivis_common/bitimage.h">
			<Option target="DBGUnix" />
			<Option target="NDBGUnix" />
			<Option target="DBGWindows" />
			<Option target="NDBGWindows" />
		</Unit>
		<Unit filename="lib/ivis_common/imd.c">
			<Option compilerVar="CC" />
			<Option target="DBGUnix" />
			<Option target="NDBGUnix" />
			<Option target="DBGWindows" />
			<Option target="NDBGWindows" />
		</Unit>
		<Unit filename="lib/ivis_common/imd.h">
			<Option target="DBGUnix" />
			<Option target="NDBGUnix" />
			<Option target="DBGWindows" />
			<Option target="NDBGWindows" />
		</Unit>
		<Unit filename="lib/ivis_common/imdload.c">
			<Option compilerVar="CC" />
			<Option target="DBGUnix" />
			<Option target="NDBGUnix" />
			<Option target="DBGWindows" />
			<Option target="NDBGWindows" />
		</Unit>
		<Unit filename="lib/ivis_common/ivi.h">
			<Option target="DBGUnix" />
			<Option target="NDBGUnix" />
			<Option target="DBGWindows" />
			<Option target="NDBGWindows" />
		</Unit>
		<Unit filename="lib/ivis_common/ivisdef.h">
			<Option target="DBGUnix" />
			<Option target="NDBGUnix" />
			<Option target="DBGWindows" />
			<Option target="NDBGWindows" />
		</Unit>
		<Unit filename="lib/ivis_common/ivispatch.h">
			<Option target="DBGUnix" />
			<Option target="NDBGUnix" />
			<Option target="DBGWindows" />
			<Option target="NDBGWindows" />
		</Unit>
		<Unit filename="lib/ivis_common/pieblitfunc.h">
			<Option target="DBGUnix" />
			<Option target="NDBGUnix" />
			<Option target="DBGWindows" />
			<Option target="NDBGWindows" />
		</Unit>
		<Unit filename="lib/ivis_common/pieclip.c">
			<Option compilerVar="CC" />
			<Option target="DBGUnix" />
			<Option target="NDBGUnix" />
			<Option target="DBGWindows" />
			<Option target="NDBGWindows" />
		</Unit>
		<Unit filename="lib/ivis_common/pieclip.h">
			<Option target="DBGUnix" />
			<Option target="NDBGUnix" />
			<Option target="DBGWindows" />
			<Option target="NDBGWindows" />
		</Unit>
		<Unit filename="lib/ivis_common/piedef.h">
			<Option target="DBGUnix" />
			<Option target="NDBGUnix" />
			<Option target="DBGWindows" />
			<Option target="NDBGWindows" />
		</Unit>
		<Unit filename="lib/ivis_common/piefunc.h">
			<Option target="DBGUnix" />
			<Option target="NDBGUnix" />
			<Option target="DBGWindows" />
			<Option target="NDBGWindows" />
		</Unit>
		<Unit filename="lib/ivis_common/piemode.h">
			<Option target="DBGUnix" />
			<Option target="NDBGUnix" />
			<Option target="DBGWindows" />
			<Option target="NDBGWindows" />
		</Unit>
		<Unit filename="lib/ivis_common/piepalette.h">
			<Option target="DBGUnix" />
			<Option target="NDBGUnix" />
			<Option target="DBGWindows" />
			<Option target="NDBGWindows" />
		</Unit>
		<Unit filename="lib/ivis_common/piestate.c">
			<Option compilerVar="CC" />
			<Option target="DBGUnix" />
			<Option target="NDBGUnix" />
			<Option target="DBGWindows" />
			<Option target="NDBGWindows" />
		</Unit>
		<Unit filename="lib/ivis_common/piestate.h">
			<Option target="DBGUnix" />
			<Option target="NDBGUnix" />
			<Option target="DBGWindows" />
			<Option target="NDBGWindows" />
		</Unit>
		<Unit filename="lib/ivis_common/pietypes.h">
			<Option target="DBGUnix" />
			<Option target="NDBGUnix" />
			<Option target="DBGWindows" />
			<Option target="NDBGWindows" />
		</Unit>
		<Unit filename="lib/ivis_common/pievector.h">
			<Option target="DBGUnix" />
			<Option target="NDBGUnix" />
			<Option target="DBGWindows" />
			<Option target="NDBGWindows" />
		</Unit>
		<Unit filename="lib/ivis_common/png_util.c">
			<Option compilerVar="CC" />
			<Option target="DBGUnix" />
			<Option target="NDBGUnix" />
			<Option target="DBGWindows" />
			<Option target="NDBGWindows" />
		</Unit>
		<Unit filename="lib/ivis_common/png_util.h">
			<Option target="DBGUnix" />
			<Option target="NDBGUnix" />
			<Option target="DBGWindows" />
			<Option target="NDBGWindows" />
		</Unit>
		<Unit filename="lib/ivis_common/rendmode.h">
			<Option target="DBGUnix" />
			<Option target="NDBGUnix" />
			<Option target="DBGWindows" />
			<Option target="NDBGWindows" />
		</Unit>
		<Unit filename="lib/ivis_common/tex.h">
			<Option target="DBGUnix" />
			<Option target="NDBGUnix" />
			<Option target="DBGWindows" />
			<Option target="NDBGWindows" />
		</Unit>
		<Unit filename="lib/ivis_common/textdraw.h">
			<Option target="DBGUnix" />
			<Option target="NDBGUnix" />
			<Option target="DBGWindows" />
			<Option target="NDBGWindows" />
		</Unit>
		<Unit filename="lib/ivis_opengl/GLee.c">
			<Option compilerVar="CC" />
			<Option target="DBGUnix" />
			<Option target="NDBGUnix" />
			<Option target="DBGWindows" />
			<Option target="NDBGWindows" />
		</Unit>
		<Unit filename="lib/ivis_opengl/GLee.h">
			<Option target="DBGUnix" />
			<Option target="NDBGUnix" />
			<Option target="DBGWindows" />
			<Option target="NDBGWindows" />
		</Unit>
		<Unit filename="lib/ivis_opengl/ivi.c">
			<Option compilerVar="CC" />
			<Option target="DBGUnix" />
			<Option target="NDBGUnix" />
			<Option target="DBGWindows" />
			<Option target="NDBGWindows" />
		</Unit>
		<Unit filename="lib/ivis_opengl/pieblitfunc.c">
			<Option compilerVar="CC" />
			<Option target="DBGUnix" />
			<Option target="NDBGUnix" />
			<Option target="DBGWindows" />
			<Option target="NDBGWindows" />
		</Unit>
		<Unit filename="lib/ivis_opengl/piedraw.c">
			<Option compilerVar="CC" />
			<Option target="DBGUnix" />
			<Option target="NDBGUnix" />
			<Option target="DBGWindows" />
			<Option target="NDBGWindows" />
		</Unit>
		<Unit filename="lib/ivis_opengl/piefunc.c">
			<Option compilerVar="CC" />
			<Option target="DBGUnix" />
			<Option target="NDBGUnix" />
			<Option target="DBGWindows" />
			<Option target="NDBGWindows" />
		</Unit>
		<Unit filename="lib/ivis_opengl/piematrix.c">
			<Option compilerVar="CC" />
			<Option target="DBGUnix" />
			<Option target="NDBGUnix" />
			<Option target="DBGWindows" />
			<Option target="NDBGWindows" />
		</Unit>
		<Unit filename="lib/ivis_opengl/piematrix.h">
			<Option target="DBGUnix" />
			<Option target="NDBGUnix" />
			<Option target="DBGWindows" />
			<Option target="NDBGWindows" />
		</Unit>
		<Unit filename="lib/ivis_opengl/piemode.c">
			<Option compilerVar="CC" />
			<Option target="DBGUnix" />
			<Option target="NDBGUnix" />
			<Option target="DBGWindows" />
			<Option target="NDBGWindows" />
		</Unit>
		<Unit filename="lib/ivis_opengl/piepalette.c">
			<Option compilerVar="CC" />
			<Option target="DBGUnix" />
			<Option target="NDBGUnix" />
			<Option target="DBGWindows" />
			<Option target="NDBGWindows" />
		</Unit>
		<Unit filename="lib/ivis_opengl/piestate.c">
			<Option compilerVar="CC" />
			<Option target="DBGUnix" />
			<Option target="NDBGUnix" />
			<Option target="DBGWindows" />
			<Option target="NDBGWindows" />
		</Unit>
		<Unit filename="lib/ivis_opengl/rendmode.c">
			<Option compilerVar="CC" />
			<Option target="DBGUnix" />
			<Option target="NDBGUnix" />
			<Option target="DBGWindows" />
			<Option target="NDBGWindows" />
		</Unit>
		<Unit filename="lib/ivis_opengl/screen.c">
			<Option compilerVar="CC" />
			<Option target="DBGUnix" />
			<Option target="NDBGUnix" />
			<Option target="DBGWindows" />
			<Option target="NDBGWindows" />
		</Unit>
		<Unit filename="lib/ivis_opengl/screen.h">
			<Option target="DBGUnix" />
			<Option target="NDBGUnix" />
			<Option target="DBGWindows" />
			<Option target="NDBGWindows" />
		</Unit>
		<Unit filename="lib/ivis_opengl/tex.c">
			<Option compilerVar="CC" />
			<Option target="DBGUnix" />
			<Option target="NDBGUnix" />
			<Option target="DBGWindows" />
			<Option target="NDBGWindows" />
		</Unit>
		<Unit filename="lib/ivis_opengl/textdraw.c">
			<Option compilerVar="CC" />
			<Option target="DBGUnix" />
			<Option target="NDBGUnix" />
			<Option target="DBGWindows" />
			<Option target="NDBGWindows" />
		</Unit>
		<Unit filename="lib/netplay/netjoin_stub.c">
			<Option compilerVar="CC" />
			<Option target="DBGUnix" />
			<Option target="NDBGUnix" />
			<Option target="DBGWindows" />
			<Option target="NDBGWindows" />
		</Unit>
		<Unit filename="lib/netplay/netlog.c">
			<Option compilerVar="CC" />
			<Option target="DBGUnix" />
			<Option target="NDBGUnix" />
			<Option target="DBGWindows" />
			<Option target="NDBGWindows" />
		</Unit>
		<Unit filename="lib/netplay/netlog.h">
			<Option target="DBGUnix" />
			<Option target="NDBGUnix" />
			<Option target="DBGWindows" />
			<Option target="NDBGWindows" />
		</Unit>
		<Unit filename="lib/netplay/netplay.c">
			<Option compilerVar="CC" />
			<Option target="DBGUnix" />
			<Option target="NDBGUnix" />
			<Option target="DBGWindows" />
			<Option target="NDBGWindows" />
		</Unit>
		<Unit filename="lib/netplay/netplay.h">
			<Option target="DBGUnix" />
			<Option target="NDBGUnix" />
			<Option target="DBGWindows" />
			<Option target="NDBGWindows" />
		</Unit>
		<Unit filename="lib/netplay/nettypes.c">
			<Option compilerVar="CC" />
			<Option target="DBGUnix" />
			<Option target="NDBGUnix" />
			<Option target="DBGWindows" />
			<Option target="NDBGWindows" />
		</Unit>
		<Unit filename="lib/netplay/nettypes.h">
			<Option target="DBGUnix" />
			<Option target="NDBGUnix" />
			<Option target="DBGWindows" />
			<Option target="NDBGWindows" />
		</Unit>
		<Unit filename="lib/script/chat_lexer.l">
			<Option compilerVar="CC" />
			<Option compile="1" />
			<Option link="1" />
			<Option compiler="gcc" use="1" buildCommand="flex -o$file.c $file\n$compiler $options $includes -c $file.c -o $object" />
			<Option target="DBGUnix" />
			<Option target="NDBGUnix" />
			<Option target="DBGWindows" />
			<Option target="NDBGWindows" />
		</Unit>
		<Unit filename="lib/script/chat_parser.y">
			<Option compilerVar="CC" />
			<Option compile="1" />
			<Option link="1" />
			<Option weight="10" />
			<Option compiler="gcc" use="1" buildCommand="bison -y -d -olib/script/chat_parser.tab.c $file\n$compiler $options $includes -c lib/script/chat_parser.tab.c -o $object" />
			<Option target="DBGUnix" />
			<Option target="NDBGUnix" />
			<Option target="DBGWindows" />
			<Option target="NDBGWindows" />
		</Unit>
		<Unit filename="lib/script/chat_processing.h">
			<Option target="DBGUnix" />
			<Option target="NDBGUnix" />
			<Option target="DBGWindows" />
			<Option target="NDBGWindows" />
		</Unit>
		<Unit filename="lib/script/codeprint.c">
			<Option compilerVar="CC" />
			<Option target="DBGUnix" />
			<Option target="NDBGUnix" />
			<Option target="DBGWindows" />
			<Option target="NDBGWindows" />
		</Unit>
		<Unit filename="lib/script/codeprint.h">
			<Option target="DBGUnix" />
			<Option target="NDBGUnix" />
			<Option target="DBGWindows" />
			<Option target="NDBGWindows" />
		</Unit>
		<Unit filename="lib/script/event.c">
			<Option compilerVar="CC" />
			<Option target="DBGUnix" />
			<Option target="NDBGUnix" />
			<Option target="DBGWindows" />
			<Option target="NDBGWindows" />
		</Unit>
		<Unit filename="lib/script/event.h">
			<Option target="DBGUnix" />
			<Option target="NDBGUnix" />
			<Option target="DBGWindows" />
			<Option target="NDBGWindows" />
		</Unit>
		<Unit filename="lib/script/evntsave.c">
			<Option compilerVar="CC" />
			<Option target="DBGUnix" />
			<Option target="NDBGUnix" />
			<Option target="DBGWindows" />
			<Option target="NDBGWindows" />
		</Unit>
		<Unit filename="lib/script/evntsave.h">
			<Option target="DBGUnix" />
			<Option target="NDBGUnix" />
			<Option target="DBGWindows" />
			<Option target="NDBGWindows" />
		</Unit>
		<Unit filename="lib/script/interp.c">
			<Option compilerVar="CC" />
			<Option target="DBGUnix" />
			<Option target="NDBGUnix" />
			<Option target="DBGWindows" />
			<Option target="NDBGWindows" />
		</Unit>
		<Unit filename="lib/script/interp.h">
			<Option target="DBGUnix" />
			<Option target="NDBGUnix" />
			<Option target="DBGWindows" />
			<Option target="NDBGWindows" />
		</Unit>
		<Unit filename="lib/script/parse.h">
			<Option target="DBGUnix" />
			<Option target="NDBGUnix" />
			<Option target="DBGWindows" />
			<Option target="NDBGWindows" />
		</Unit>
		<Unit filename="lib/script/script.c">
			<Option compilerVar="CC" />
			<Option target="DBGUnix" />
			<Option target="NDBGUnix" />
			<Option target="DBGWindows" />
			<Option target="NDBGWindows" />
		</Unit>
		<Unit filename="lib/script/script.h">
			<Option target="DBGUnix" />
			<Option target="NDBGUnix" />
			<Option target="DBGWindows" />
			<Option target="NDBGWindows" />
		</Unit>
		<Unit filename="lib/script/script_lexer.l">
			<Option compilerVar="CC" />
			<Option compile="1" />
			<Option link="1" />
			<Option compiler="gcc" use="1" buildCommand="flex -o$file.c $file\n$compiler $options $includes -c $file.c -o $object" />
			<Option target="DBGUnix" />
			<Option target="NDBGUnix" />
			<Option target="DBGWindows" />
			<Option target="NDBGWindows" />
		</Unit>
		<Unit filename="lib/script/script_parser.y">
			<Option compilerVar="CC" />
			<Option compile="1" />
			<Option link="1" />
			<Option weight="10" />
			<Option compiler="gcc" use="1" buildCommand="bison -y -d -olib/script/script_parser.tab.c $file\n$compiler $options $includes -c lib/script/script_parser.tab.c -o $object" />
			<Option target="DBGUnix" />
			<Option target="NDBGUnix" />
			<Option target="DBGWindows" />
			<Option target="NDBGWindows" />
		</Unit>
		<Unit filename="lib/script/stack.c">
			<Option compilerVar="CC" />
			<Option target="DBGUnix" />
			<Option target="NDBGUnix" />
			<Option target="DBGWindows" />
			<Option target="NDBGWindows" />
		</Unit>
		<Unit filename="lib/script/stack.h">
			<Option target="DBGUnix" />
			<Option target="NDBGUnix" />
			<Option target="DBGWindows" />
			<Option target="NDBGWindows" />
		</Unit>
		<Unit filename="lib/sequence/sequence.c">
			<Option compilerVar="CC" />
			<Option target="DBGUnix" />
			<Option target="NDBGUnix" />
			<Option target="DBGWindows" />
			<Option target="NDBGWindows" />
		</Unit>
		<Unit filename="lib/sequence/sequence.h">
			<Option target="DBGUnix" />
			<Option target="NDBGUnix" />
			<Option target="DBGWindows" />
			<Option target="NDBGWindows" />
		</Unit>
		<Unit filename="lib/sound/aud.h">
			<Option target="DBGUnix" />
			<Option target="NDBGUnix" />
			<Option target="DBGWindows" />
			<Option target="NDBGWindows" />
		</Unit>
		<Unit filename="lib/sound/audio.c">
			<Option compilerVar="CC" />
			<Option target="DBGUnix" />
			<Option target="NDBGUnix" />
			<Option target="DBGWindows" />
			<Option target="NDBGWindows" />
		</Unit>
		<Unit filename="lib/sound/audio.h">
			<Option target="DBGUnix" />
			<Option target="NDBGUnix" />
			<Option target="DBGWindows" />
			<Option target="NDBGWindows" />
		</Unit>
		<Unit filename="lib/sound/audio_id.c">
			<Option compilerVar="CC" />
			<Option target="DBGUnix" />
			<Option target="NDBGUnix" />
			<Option target="DBGWindows" />
			<Option target="NDBGWindows" />
		</Unit>
		<Unit filename="lib/sound/audio_id.h">
			<Option target="DBGUnix" />
			<Option target="NDBGUnix" />
			<Option target="DBGWindows" />
			<Option target="NDBGWindows" />
		</Unit>
		<Unit filename="lib/sound/cdaudio.c">
			<Option compilerVar="CC" />
			<Option target="DBGUnix" />
			<Option target="NDBGUnix" />
			<Option target="DBGWindows" />
			<Option target="NDBGWindows" />
		</Unit>
		<Unit filename="lib/sound/cdaudio.h">
			<Option target="DBGUnix" />
			<Option target="NDBGUnix" />
			<Option target="DBGWindows" />
			<Option target="NDBGWindows" />
		</Unit>
		<Unit filename="lib/sound/mixer.h">
			<Option target="DBGUnix" />
			<Option target="NDBGUnix" />
			<Option target="DBGWindows" />
			<Option target="NDBGWindows" />
		</Unit>
		<Unit filename="lib/sound/oggvorbis.c">
			<Option compilerVar="CC" />
			<Option target="DBGUnix" />
			<Option target="NDBGUnix" />
			<Option target="DBGWindows" />
			<Option target="NDBGWindows" />
		</Unit>
		<Unit filename="lib/sound/oggvorbis.h">
			<Option target="DBGUnix" />
			<Option target="NDBGUnix" />
			<Option target="DBGWindows" />
			<Option target="NDBGWindows" />
		</Unit>
		<Unit filename="lib/sound/openal_error.c">
			<Option compilerVar="CC" />
			<Option target="DBGUnix" />
			<Option target="NDBGUnix" />
			<Option target="DBGWindows" />
			<Option target="NDBGWindows" />
		</Unit>
		<Unit filename="lib/sound/openal_error.h">
			<Option target="DBGUnix" />
			<Option target="NDBGUnix" />
			<Option target="DBGWindows" />
			<Option target="NDBGWindows" />
		</Unit>
		<Unit filename="lib/sound/openal_track.c">
			<Option compilerVar="CC" />
			<Option target="DBGUnix" />
			<Option target="NDBGUnix" />
			<Option target="DBGWindows" />
			<Option target="NDBGWindows" />
		</Unit>
		<Unit filename="lib/sound/playlist.c">
			<Option compilerVar="CC" />
			<Option target="DBGUnix" />
			<Option target="NDBGUnix" />
			<Option target="DBGWindows" />
			<Option target="NDBGWindows" />
		</Unit>
		<Unit filename="lib/sound/playlist.h">
			<Option target="DBGUnix" />
			<Option target="NDBGUnix" />
			<Option target="DBGWindows" />
			<Option target="NDBGWindows" />
		</Unit>
		<Unit filename="lib/sound/track.c">
			<Option compilerVar="CC" />
			<Option target="DBGUnix" />
			<Option target="NDBGUnix" />
			<Option target="DBGWindows" />
			<Option target="NDBGWindows" />
		</Unit>
		<Unit filename="lib/sound/track.h">
			<Option target="DBGUnix" />
			<Option target="NDBGUnix" />
			<Option target="DBGWindows" />
			<Option target="NDBGWindows" />
		</Unit>
		<Unit filename="lib/sound/tracklib.h">
			<Option target="DBGUnix" />
			<Option target="NDBGUnix" />
			<Option target="DBGWindows" />
			<Option target="NDBGWindows" />
		</Unit>
		<Unit filename="lib/sqlite3/physfs_vfs.c">
			<Option compilerVar="CC" />
			<Option target="DBGUnix" />
			<Option target="NDBGUnix" />
			<Option target="DBGWindows" />
			<Option target="NDBGWindows" />
		</Unit>
		<Unit filename="lib/sqlite3/physfs_vfs.h">
			<Option target="DBGUnix" />
			<Option target="NDBGUnix" />
			<Option target="DBGWindows" />
			<Option target="NDBGWindows" />
		</Unit>
		<Unit filename="lib/sqlite3/sqlite3.c">
			<Option compilerVar="CC" />
			<Option target="DBGUnix" />
			<Option target="NDBGUnix" />
			<Option target="DBGWindows" />
			<Option target="NDBGWindows" />
		</Unit>
		<Unit filename="lib/sqlite3/sqlite3.h">
			<Option target="DBGUnix" />
			<Option target="NDBGUnix" />
			<Option target="DBGWindows" />
			<Option target="NDBGWindows" />
		</Unit>
		<Unit filename="lib/sqlite3/sqlite3ext.h">
			<Option target="DBGUnix" />
			<Option target="NDBGUnix" />
			<Option target="DBGWindows" />
			<Option target="NDBGWindows" />
		</Unit>
		<Unit filename="lib/widget/bar.c">
			<Option compilerVar="CC" />
			<Option target="DBGUnix" />
			<Option target="NDBGUnix" />
			<Option target="DBGWindows" />
			<Option target="NDBGWindows" />
		</Unit>
		<Unit filename="lib/widget/bar.h">
			<Option target="DBGUnix" />
			<Option target="NDBGUnix" />
			<Option target="DBGWindows" />
			<Option target="NDBGWindows" />
		</Unit>
		<Unit filename="lib/widget/button.c">
			<Option compilerVar="CC" />
			<Option target="DBGUnix" />
			<Option target="NDBGUnix" />
			<Option target="DBGWindows" />
			<Option target="NDBGWindows" />
		</Unit>
		<Unit filename="lib/widget/button.h">
			<Option target="DBGUnix" />
			<Option target="NDBGUnix" />
			<Option target="DBGWindows" />
			<Option target="NDBGWindows" />
		</Unit>
		<Unit filename="lib/widget/editbox.c">
			<Option compilerVar="CC" />
			<Option target="DBGUnix" />
			<Option target="NDBGUnix" />
			<Option target="DBGWindows" />
			<Option target="NDBGWindows" />
		</Unit>
		<Unit filename="lib/widget/editbox.h">
			<Option target="DBGUnix" />
			<Option target="NDBGUnix" />
			<Option target="DBGWindows" />
			<Option target="NDBGWindows" />
		</Unit>
		<Unit filename="lib/widget/form.c">
			<Option compilerVar="CC" />
			<Option target="DBGUnix" />
			<Option target="NDBGUnix" />
			<Option target="DBGWindows" />
			<Option target="NDBGWindows" />
		</Unit>
		<Unit filename="lib/widget/form.h">
			<Option target="DBGUnix" />
			<Option target="NDBGUnix" />
			<Option target="DBGWindows" />
			<Option target="NDBGWindows" />
		</Unit>
		<Unit filename="lib/widget/label.c">
			<Option compilerVar="CC" />
			<Option target="DBGUnix" />
			<Option target="NDBGUnix" />
			<Option target="DBGWindows" />
			<Option target="NDBGWindows" />
		</Unit>
		<Unit filename="lib/widget/label.h">
			<Option target="DBGUnix" />
			<Option target="NDBGUnix" />
			<Option target="DBGWindows" />
			<Option target="NDBGWindows" />
		</Unit>
		<Unit filename="lib/widget/scrap.c">
			<Option compilerVar="CC" />
			<Option target="DBGUnix" />
			<Option target="NDBGUnix" />
			<Option target="DBGWindows" />
			<Option target="NDBGWindows" />
		</Unit>
		<Unit filename="lib/widget/scrap.h">
			<Option target="DBGUnix" />
			<Option target="NDBGUnix" />
			<Option target="DBGWindows" />
			<Option target="NDBGWindows" />
		</Unit>
		<Unit filename="lib/widget/slider.c">
			<Option compilerVar="CC" />
			<Option target="DBGUnix" />
			<Option target="NDBGUnix" />
			<Option target="DBGWindows" />
			<Option target="NDBGWindows" />
		</Unit>
		<Unit filename="lib/widget/slider.h">
			<Option target="DBGUnix" />
			<Option target="NDBGUnix" />
			<Option target="DBGWindows" />
			<Option target="NDBGWindows" />
		</Unit>
		<Unit filename="lib/widget/tip.c">
			<Option compilerVar="CC" />
			<Option target="DBGUnix" />
			<Option target="NDBGUnix" />
			<Option target="DBGWindows" />
			<Option target="NDBGWindows" />
		</Unit>
		<Unit filename="lib/widget/tip.h">
			<Option target="DBGUnix" />
			<Option target="NDBGUnix" />
			<Option target="DBGWindows" />
			<Option target="NDBGWindows" />
		</Unit>
		<Unit filename="lib/widget/widgbase.h">
			<Option target="DBGUnix" />
			<Option target="NDBGUnix" />
			<Option target="DBGWindows" />
			<Option target="NDBGWindows" />
		</Unit>
		<Unit filename="lib/widget/widget.c">
			<Option compilerVar="CC" />
			<Option target="DBGUnix" />
			<Option target="NDBGUnix" />
			<Option target="DBGWindows" />
			<Option target="NDBGWindows" />
		</Unit>
		<Unit filename="lib/widget/widget.h">
			<Option target="DBGUnix" />
			<Option target="NDBGUnix" />
			<Option target="DBGWindows" />
			<Option target="NDBGWindows" />
		</Unit>
		<Unit filename="lib/widget/widgint.h">
			<Option target="DBGUnix" />
			<Option target="NDBGUnix" />
			<Option target="DBGWindows" />
			<Option target="NDBGWindows" />
		</Unit>
		<Unit filename="src/action.c">
			<Option compilerVar="CC" />
			<Option target="DBGUnix" />
			<Option target="NDBGUnix" />
			<Option target="DBGWindows" />
			<Option target="NDBGWindows" />
		</Unit>
		<Unit filename="src/action.h">
			<Option target="DBGUnix" />
			<Option target="NDBGUnix" />
			<Option target="DBGWindows" />
			<Option target="NDBGWindows" />
		</Unit>
		<Unit filename="src/advvis.c">
			<Option compilerVar="CC" />
			<Option target="DBGUnix" />
			<Option target="NDBGUnix" />
			<Option target="DBGWindows" />
			<Option target="NDBGWindows" />
		</Unit>
		<Unit filename="src/advvis.h">
			<Option target="DBGUnix" />
			<Option target="NDBGUnix" />
			<Option target="DBGWindows" />
			<Option target="NDBGWindows" />
		</Unit>
		<Unit filename="src/ai.c">
			<Option compilerVar="CC" />
			<Option target="DBGUnix" />
			<Option target="NDBGUnix" />
			<Option target="DBGWindows" />
			<Option target="NDBGWindows" />
		</Unit>
		<Unit filename="src/ai.h">
			<Option target="DBGUnix" />
			<Option target="NDBGUnix" />
			<Option target="DBGWindows" />
			<Option target="NDBGWindows" />
		</Unit>
		<Unit filename="src/aiexperience.c">
			<Option compilerVar="CC" />
			<Option target="DBGUnix" />
			<Option target="NDBGUnix" />
			<Option target="DBGWindows" />
			<Option target="NDBGWindows" />
		</Unit>
		<Unit filename="src/aiexperience.h">
			<Option target="DBGUnix" />
			<Option target="NDBGUnix" />
			<Option target="DBGWindows" />
			<Option target="NDBGWindows" />
		</Unit>
		<Unit filename="src/anim_id.h">
			<Option target="DBGUnix" />
			<Option target="NDBGUnix" />
			<Option target="DBGWindows" />
			<Option target="NDBGWindows" />
		</Unit>
		<Unit filename="src/astar.c">
			<Option compilerVar="CC" />
			<Option target="DBGUnix" />
			<Option target="NDBGUnix" />
			<Option target="DBGWindows" />
			<Option target="NDBGWindows" />
		</Unit>
		<Unit filename="src/astar.h">
			<Option target="DBGUnix" />
			<Option target="NDBGUnix" />
			<Option target="DBGWindows" />
			<Option target="NDBGWindows" />
		</Unit>
		<Unit filename="src/atmos.c">
			<Option compilerVar="CC" />
			<Option target="DBGUnix" />
			<Option target="NDBGUnix" />
			<Option target="DBGWindows" />
			<Option target="NDBGWindows" />
		</Unit>
		<Unit filename="src/atmos.h">
			<Option target="DBGUnix" />
			<Option target="NDBGUnix" />
			<Option target="DBGWindows" />
			<Option target="NDBGWindows" />
		</Unit>
		<Unit filename="src/aud.c">
			<Option compilerVar="CC" />
			<Option target="DBGUnix" />
			<Option target="NDBGUnix" />
			<Option target="DBGWindows" />
			<Option target="NDBGWindows" />
		</Unit>
		<Unit filename="src/basedef.h">
			<Option target="DBGUnix" />
			<Option target="NDBGUnix" />
			<Option target="DBGWindows" />
			<Option target="NDBGWindows" />
		</Unit>
		<Unit filename="src/bridge.c">
			<Option compilerVar="CC" />
			<Option target="DBGUnix" />
			<Option target="NDBGUnix" />
			<Option target="DBGWindows" />
			<Option target="NDBGWindows" />
		</Unit>
		<Unit filename="src/bridge.h">
			<Option target="DBGUnix" />
			<Option target="NDBGUnix" />
			<Option target="DBGWindows" />
			<Option target="NDBGWindows" />
		</Unit>
		<Unit filename="src/bucket3d.c">
			<Option compilerVar="CC" />
			<Option target="DBGUnix" />
			<Option target="NDBGUnix" />
			<Option target="DBGWindows" />
			<Option target="NDBGWindows" />
		</Unit>
		<Unit filename="src/bucket3d.h">
			<Option target="DBGUnix" />
			<Option target="NDBGUnix" />
			<Option target="DBGWindows" />
			<Option target="NDBGWindows" />
		</Unit>
		<Unit filename="src/cheat.c">
			<Option compilerVar="CC" />
			<Option target="DBGUnix" />
			<Option target="NDBGUnix" />
			<Option target="DBGWindows" />
			<Option target="NDBGWindows" />
		</Unit>
		<Unit filename="src/cheat.h">
			<Option target="DBGUnix" />
			<Option target="NDBGUnix" />
			<Option target="DBGWindows" />
			<Option target="NDBGWindows" />
		</Unit>
		<Unit filename="src/clparse.c">
			<Option compilerVar="CC" />
			<Option target="DBGUnix" />
			<Option target="NDBGUnix" />
			<Option target="DBGWindows" />
			<Option target="NDBGWindows" />
		</Unit>
		<Unit filename="src/clparse.h">
			<Option target="DBGUnix" />
			<Option target="NDBGUnix" />
			<Option target="DBGWindows" />
			<Option target="NDBGWindows" />
		</Unit>
		<Unit filename="src/cluster.c">
			<Option compilerVar="CC" />
			<Option target="DBGUnix" />
			<Option target="NDBGUnix" />
			<Option target="DBGWindows" />
			<Option target="NDBGWindows" />
		</Unit>
		<Unit filename="src/cluster.h">
			<Option target="DBGUnix" />
			<Option target="NDBGUnix" />
			<Option target="DBGWindows" />
			<Option target="NDBGWindows" />
		</Unit>
		<Unit filename="src/cmddroid.c">
			<Option compilerVar="CC" />
			<Option target="DBGUnix" />
			<Option target="NDBGUnix" />
			<Option target="DBGWindows" />
			<Option target="NDBGWindows" />
		</Unit>
		<Unit filename="src/cmddroid.h">
			<Option target="DBGUnix" />
			<Option target="NDBGUnix" />
			<Option target="DBGWindows" />
			<Option target="NDBGWindows" />
		</Unit>
		<Unit filename="src/cmddroiddef.h">
			<Option target="DBGUnix" />
			<Option target="NDBGUnix" />
			<Option target="DBGWindows" />
			<Option target="NDBGWindows" />
		</Unit>
		<Unit filename="src/combat.c">
			<Option compilerVar="CC" />
			<Option target="DBGUnix" />
			<Option target="NDBGUnix" />
			<Option target="DBGWindows" />
			<Option target="NDBGWindows" />
		</Unit>
		<Unit filename="src/combat.h">
			<Option target="DBGUnix" />
			<Option target="NDBGUnix" />
			<Option target="DBGWindows" />
			<Option target="NDBGWindows" />
		</Unit>
		<Unit filename="src/component.c">
			<Option compilerVar="CC" />
			<Option target="DBGUnix" />
			<Option target="NDBGUnix" />
			<Option target="DBGWindows" />
			<Option target="NDBGWindows" />
		</Unit>
		<Unit filename="src/component.h">
			<Option target="DBGUnix" />
			<Option target="NDBGUnix" />
			<Option target="DBGWindows" />
			<Option target="NDBGWindows" />
		</Unit>
		<Unit filename="src/configuration.c">
			<Option compilerVar="CC" />
			<Option target="DBGUnix" />
			<Option target="NDBGUnix" />
			<Option target="DBGWindows" />
			<Option target="NDBGWindows" />
		</Unit>
		<Unit filename="src/configuration.h">
			<Option target="DBGUnix" />
			<Option target="NDBGUnix" />
			<Option target="DBGWindows" />
			<Option target="NDBGWindows" />
		</Unit>
		<Unit filename="src/console.c">
			<Option compilerVar="CC" />
			<Option target="DBGUnix" />
			<Option target="NDBGUnix" />
			<Option target="DBGWindows" />
			<Option target="NDBGWindows" />
		</Unit>
		<Unit filename="src/console.h">
			<Option target="DBGUnix" />
			<Option target="NDBGUnix" />
			<Option target="DBGWindows" />
			<Option target="NDBGWindows" />
		</Unit>
		<Unit filename="src/data.c">
			<Option compilerVar="CC" />
			<Option target="DBGUnix" />
			<Option target="NDBGUnix" />
			<Option target="DBGWindows" />
			<Option target="NDBGWindows" />
		</Unit>
		<Unit filename="src/data.h">
			<Option target="DBGUnix" />
			<Option target="NDBGUnix" />
			<Option target="DBGWindows" />
			<Option target="NDBGWindows" />
		</Unit>
		<Unit filename="src/design.c">
			<Option compilerVar="CC" />
			<Option target="DBGUnix" />
			<Option target="NDBGUnix" />
			<Option target="DBGWindows" />
			<Option target="NDBGWindows" />
		</Unit>
		<Unit filename="src/design.h">
			<Option target="DBGUnix" />
			<Option target="NDBGUnix" />
			<Option target="DBGWindows" />
			<Option target="NDBGWindows" />
		</Unit>
		<Unit filename="src/difficulty.c">
			<Option compilerVar="CC" />
			<Option target="DBGUnix" />
			<Option target="NDBGUnix" />
			<Option target="DBGWindows" />
			<Option target="NDBGWindows" />
		</Unit>
		<Unit filename="src/difficulty.h">
			<Option target="DBGUnix" />
			<Option target="NDBGUnix" />
			<Option target="DBGWindows" />
			<Option target="NDBGWindows" />
		</Unit>
		<Unit filename="src/display.c">
			<Option compilerVar="CC" />
			<Option target="DBGUnix" />
			<Option target="NDBGUnix" />
			<Option target="DBGWindows" />
			<Option target="NDBGWindows" />
		</Unit>
		<Unit filename="src/display.h">
			<Option target="DBGUnix" />
			<Option target="NDBGUnix" />
			<Option target="DBGWindows" />
			<Option target="NDBGWindows" />
		</Unit>
		<Unit filename="src/display3d.c">
			<Option compilerVar="CC" />
			<Option target="DBGUnix" />
			<Option target="NDBGUnix" />
			<Option target="DBGWindows" />
			<Option target="NDBGWindows" />
		</Unit>
		<Unit filename="src/display3d.h">
			<Option target="DBGUnix" />
			<Option target="NDBGUnix" />
			<Option target="DBGWindows" />
			<Option target="NDBGWindows" />
		</Unit>
		<Unit filename="src/display3ddef.h">
			<Option target="DBGUnix" />
			<Option target="NDBGUnix" />
			<Option target="DBGWindows" />
			<Option target="NDBGWindows" />
		</Unit>
		<Unit filename="src/displaydef.h">
			<Option target="DBGUnix" />
			<Option target="NDBGUnix" />
			<Option target="DBGWindows" />
			<Option target="NDBGWindows" />
		</Unit>
		<Unit filename="src/drive.c">
			<Option compilerVar="CC" />
			<Option target="DBGUnix" />
			<Option target="NDBGUnix" />
			<Option target="DBGWindows" />
			<Option target="NDBGWindows" />
		</Unit>
		<Unit filename="src/drive.h">
			<Option target="DBGUnix" />
			<Option target="NDBGUnix" />
			<Option target="DBGWindows" />
			<Option target="NDBGWindows" />
		</Unit>
		<Unit filename="src/droid.c">
			<Option compilerVar="CC" />
			<Option target="DBGUnix" />
			<Option target="NDBGUnix" />
			<Option target="DBGWindows" />
			<Option target="NDBGWindows" />
		</Unit>
		<Unit filename="src/droid.h">
			<Option target="DBGUnix" />
			<Option target="NDBGUnix" />
			<Option target="DBGWindows" />
			<Option target="NDBGWindows" />
		</Unit>
		<Unit filename="src/droiddef.h">
			<Option target="DBGUnix" />
			<Option target="NDBGUnix" />
			<Option target="DBGWindows" />
			<Option target="NDBGWindows" />
		</Unit>
		<Unit filename="src/e3demo.c">
			<Option compilerVar="CC" />
			<Option target="DBGUnix" />
			<Option target="NDBGUnix" />
			<Option target="DBGWindows" />
			<Option target="NDBGWindows" />
		</Unit>
		<Unit filename="src/e3demo.h">
			<Option target="DBGUnix" />
			<Option target="NDBGUnix" />
			<Option target="DBGWindows" />
			<Option target="NDBGWindows" />
		</Unit>
		<Unit filename="src/edit3d.c">
			<Option compilerVar="CC" />
			<Option target="DBGUnix" />
			<Option target="NDBGUnix" />
			<Option target="DBGWindows" />
			<Option target="NDBGWindows" />
		</Unit>
		<Unit filename="src/edit3d.h">
			<Option target="DBGUnix" />
			<Option target="NDBGUnix" />
			<Option target="DBGWindows" />
			<Option target="NDBGWindows" />
		</Unit>
		<Unit filename="src/effects.c">
			<Option compilerVar="CC" />
			<Option target="DBGUnix" />
			<Option target="NDBGUnix" />
			<Option target="DBGWindows" />
			<Option target="NDBGWindows" />
		</Unit>
		<Unit filename="src/effects.h">
			<Option target="DBGUnix" />
			<Option target="NDBGUnix" />
			<Option target="DBGWindows" />
			<Option target="NDBGWindows" />
		</Unit>
		<Unit filename="src/environ.c">
			<Option compilerVar="CC" />
			<Option target="DBGUnix" />
			<Option target="NDBGUnix" />
			<Option target="DBGWindows" />
			<Option target="NDBGWindows" />
		</Unit>
		<Unit filename="src/environ.h">
			<Option target="DBGUnix" />
			<Option target="NDBGUnix" />
			<Option target="DBGWindows" />
			<Option target="NDBGWindows" />
		</Unit>
		<Unit filename="src/feature.c">
			<Option compilerVar="CC" />
			<Option target="DBGUnix" />
			<Option target="NDBGUnix" />
			<Option target="DBGWindows" />
			<Option target="NDBGWindows" />
		</Unit>
		<Unit filename="src/feature.h">
			<Option target="DBGUnix" />
			<Option target="NDBGUnix" />
			<Option target="DBGWindows" />
			<Option target="NDBGWindows" />
		</Unit>
		<Unit filename="src/featuredef.h">
			<Option target="DBGUnix" />
			<Option target="NDBGUnix" />
			<Option target="DBGWindows" />
			<Option target="NDBGWindows" />
		</Unit>
		<Unit filename="src/formation.c">
			<Option compilerVar="CC" />
			<Option target="DBGUnix" />
			<Option target="NDBGUnix" />
			<Option target="DBGWindows" />
			<Option target="NDBGWindows" />
		</Unit>
		<Unit filename="src/formation.h">
			<Option target="DBGUnix" />
			<Option target="NDBGUnix" />
			<Option target="DBGWindows" />
			<Option target="NDBGWindows" />
		</Unit>
		<Unit filename="src/formationdef.h">
			<Option target="DBGUnix" />
			<Option target="NDBGUnix" />
			<Option target="DBGWindows" />
			<Option target="NDBGWindows" />
		</Unit>
		<Unit filename="src/fpath.c">
			<Option compilerVar="CC" />
			<Option target="DBGUnix" />
			<Option target="NDBGUnix" />
			<Option target="DBGWindows" />
			<Option target="NDBGWindows" />
		</Unit>
		<Unit filename="src/fpath.h">
			<Option target="DBGUnix" />
			<Option target="NDBGUnix" />
			<Option target="DBGWindows" />
			<Option target="NDBGWindows" />
		</Unit>
		<Unit filename="src/frend.h">
			<Option target="DBGUnix" />
			<Option target="NDBGUnix" />
			<Option target="DBGWindows" />
			<Option target="NDBGWindows" />
		</Unit>
		<Unit filename="src/frontend.c">
			<Option compilerVar="CC" />
			<Option target="DBGUnix" />
			<Option target="NDBGUnix" />
			<Option target="DBGWindows" />
			<Option target="NDBGWindows" />
		</Unit>
		<Unit filename="src/frontend.h">
			<Option target="DBGUnix" />
			<Option target="NDBGUnix" />
			<Option target="DBGWindows" />
			<Option target="NDBGWindows" />
		</Unit>
		<Unit filename="src/function.c">
			<Option compilerVar="CC" />
			<Option target="DBGUnix" />
			<Option target="NDBGUnix" />
			<Option target="DBGWindows" />
			<Option target="NDBGWindows" />
		</Unit>
		<Unit filename="src/function.h">
			<Option target="DBGUnix" />
			<Option target="NDBGUnix" />
			<Option target="DBGWindows" />
			<Option target="NDBGWindows" />
		</Unit>
		<Unit filename="src/functiondef.h">
			<Option target="DBGUnix" />
			<Option target="NDBGUnix" />
			<Option target="DBGWindows" />
			<Option target="NDBGWindows" />
		</Unit>
		<Unit filename="src/game.c">
			<Option compilerVar="CC" />
			<Option target="DBGUnix" />
			<Option target="NDBGUnix" />
			<Option target="DBGWindows" />
			<Option target="NDBGWindows" />
		</Unit>
		<Unit filename="src/game.h">
			<Option target="DBGUnix" />
			<Option target="NDBGUnix" />
			<Option target="DBGWindows" />
			<Option target="NDBGWindows" />
		</Unit>
		<Unit filename="src/gateway.c">
			<Option compilerVar="CC" />
			<Option target="DBGUnix" />
			<Option target="NDBGUnix" />
			<Option target="DBGWindows" />
			<Option target="NDBGWindows" />
		</Unit>
		<Unit filename="src/gateway.h">
			<Option target="DBGUnix" />
			<Option target="NDBGUnix" />
			<Option target="DBGWindows" />
			<Option target="NDBGWindows" />
		</Unit>
		<Unit filename="src/gatewaydef.h">
			<Option target="DBGUnix" />
			<Option target="NDBGUnix" />
			<Option target="DBGWindows" />
			<Option target="NDBGWindows" />
		</Unit>
		<Unit filename="src/geometry.c">
			<Option compilerVar="CC" />
			<Option target="DBGUnix" />
			<Option target="NDBGUnix" />
			<Option target="DBGWindows" />
			<Option target="NDBGWindows" />
		</Unit>
		<Unit filename="src/geometry.h">
			<Option target="DBGUnix" />
			<Option target="NDBGUnix" />
			<Option target="DBGWindows" />
			<Option target="NDBGWindows" />
		</Unit>
		<Unit filename="src/group.c">
			<Option compilerVar="CC" />
			<Option target="DBGUnix" />
			<Option target="NDBGUnix" />
			<Option target="DBGWindows" />
			<Option target="NDBGWindows" />
		</Unit>
		<Unit filename="src/group.h">
			<Option target="DBGUnix" />
			<Option target="NDBGUnix" />
			<Option target="DBGWindows" />
			<Option target="NDBGWindows" />
		</Unit>
		<Unit filename="src/hci.c">
			<Option compilerVar="CC" />
			<Option target="DBGUnix" />
			<Option target="NDBGUnix" />
			<Option target="DBGWindows" />
			<Option target="NDBGWindows" />
		</Unit>
		<Unit filename="src/hci.h">
			<Option target="DBGUnix" />
			<Option target="NDBGUnix" />
			<Option target="DBGWindows" />
			<Option target="NDBGWindows" />
		</Unit>
		<Unit filename="src/ingameop.c">
			<Option compilerVar="CC" />
			<Option target="DBGUnix" />
			<Option target="NDBGUnix" />
			<Option target="DBGWindows" />
			<Option target="NDBGWindows" />
		</Unit>
		<Unit filename="src/ingameop.h">
			<Option target="DBGUnix" />
			<Option target="NDBGUnix" />
			<Option target="DBGWindows" />
			<Option target="NDBGWindows" />
		</Unit>
		<Unit filename="src/init.c">
			<Option compilerVar="CC" />
			<Option target="DBGUnix" />
			<Option target="NDBGUnix" />
			<Option target="DBGWindows" />
			<Option target="NDBGWindows" />
		</Unit>
		<Unit filename="src/init.h">
			<Option target="DBGUnix" />
			<Option target="NDBGUnix" />
			<Option target="DBGWindows" />
			<Option target="NDBGWindows" />
		</Unit>
		<Unit filename="src/intdisplay.c">
			<Option compilerVar="CC" />
			<Option target="DBGUnix" />
			<Option target="NDBGUnix" />
			<Option target="DBGWindows" />
			<Option target="NDBGWindows" />
		</Unit>
		<Unit filename="src/intdisplay.h">
			<Option target="DBGUnix" />
			<Option target="NDBGUnix" />
			<Option target="DBGWindows" />
			<Option target="NDBGWindows" />
		</Unit>
		<Unit filename="src/intelmap.c">
			<Option compilerVar="CC" />
			<Option target="DBGUnix" />
			<Option target="NDBGUnix" />
			<Option target="DBGWindows" />
			<Option target="NDBGWindows" />
		</Unit>
		<Unit filename="src/intelmap.h">
			<Option target="DBGUnix" />
			<Option target="NDBGUnix" />
			<Option target="DBGWindows" />
			<Option target="NDBGWindows" />
		</Unit>
		<Unit filename="src/intfac.h">
			<Option target="DBGUnix" />
			<Option target="NDBGUnix" />
			<Option target="DBGWindows" />
			<Option target="NDBGWindows" />
		</Unit>
		<Unit filename="src/intimage.c">
			<Option compilerVar="CC" />
			<Option target="DBGUnix" />
			<Option target="NDBGUnix" />
			<Option target="DBGWindows" />
			<Option target="NDBGWindows" />
		</Unit>
		<Unit filename="src/intimage.h">
			<Option target="DBGUnix" />
			<Option target="NDBGUnix" />
			<Option target="DBGWindows" />
			<Option target="NDBGWindows" />
		</Unit>
		<Unit filename="src/intorder.c">
			<Option compilerVar="CC" />
			<Option target="DBGUnix" />
			<Option target="NDBGUnix" />
			<Option target="DBGWindows" />
			<Option target="NDBGWindows" />
		</Unit>
		<Unit filename="src/intorder.h">
			<Option target="DBGUnix" />
			<Option target="NDBGUnix" />
			<Option target="DBGWindows" />
			<Option target="NDBGWindows" />
		</Unit>
		<Unit filename="src/keybind.c">
			<Option compilerVar="CC" />
			<Option target="DBGUnix" />
			<Option target="NDBGUnix" />
			<Option target="DBGWindows" />
			<Option target="NDBGWindows" />
		</Unit>
		<Unit filename="src/keybind.h">
			<Option target="DBGUnix" />
			<Option target="NDBGUnix" />
			<Option target="DBGWindows" />
			<Option target="NDBGWindows" />
		</Unit>
		<Unit filename="src/keyedit.c">
			<Option compilerVar="CC" />
			<Option target="DBGUnix" />
			<Option target="NDBGUnix" />
			<Option target="DBGWindows" />
			<Option target="NDBGWindows" />
		</Unit>
		<Unit filename="src/keyedit.h">
			<Option target="DBGUnix" />
			<Option target="NDBGUnix" />
			<Option target="DBGWindows" />
			<Option target="NDBGWindows" />
		</Unit>
		<Unit filename="src/keymap.c">
			<Option compilerVar="CC" />
			<Option target="DBGUnix" />
			<Option target="NDBGUnix" />
			<Option target="DBGWindows" />
			<Option target="NDBGWindows" />
		</Unit>
		<Unit filename="src/keymap.h">
			<Option target="DBGUnix" />
			<Option target="NDBGUnix" />
			<Option target="DBGWindows" />
			<Option target="NDBGWindows" />
		</Unit>
		<Unit filename="src/level_lexer.l">
			<Option compilerVar="CC" />
			<Option compile="1" />
			<Option link="1" />
			<Option compiler="gcc" use="1" buildCommand="flex -o$file.c $file\n$compiler $options $includes -c $file.c -o $object" />
			<Option target="DBGUnix" />
			<Option target="NDBGUnix" />
			<Option target="DBGWindows" />
			<Option target="NDBGWindows" />
		</Unit>
		<Unit filename="src/levelint.h">
			<Option target="DBGUnix" />
			<Option target="NDBGUnix" />
			<Option target="DBGWindows" />
			<Option target="NDBGWindows" />
		</Unit>
		<Unit filename="src/levels.c">
			<Option compilerVar="CC" />
			<Option target="DBGUnix" />
			<Option target="NDBGUnix" />
			<Option target="DBGWindows" />
			<Option target="NDBGWindows" />
		</Unit>
		<Unit filename="src/levels.h">
			<Option target="DBGUnix" />
			<Option target="NDBGUnix" />
			<Option target="DBGWindows" />
			<Option target="NDBGWindows" />
		</Unit>
		<Unit filename="src/lighting.c">
			<Option compilerVar="CC" />
			<Option target="DBGUnix" />
			<Option target="NDBGUnix" />
			<Option target="DBGWindows" />
			<Option target="NDBGWindows" />
		</Unit>
		<Unit filename="src/lighting.h">
			<Option target="DBGUnix" />
			<Option target="NDBGUnix" />
			<Option target="DBGWindows" />
			<Option target="NDBGWindows" />
		</Unit>
		<Unit filename="src/loadsave.c">
			<Option compilerVar="CC" />
			<Option target="DBGUnix" />
			<Option target="NDBGUnix" />
			<Option target="DBGWindows" />
			<Option target="NDBGWindows" />
		</Unit>
		<Unit filename="src/loadsave.h">
			<Option target="DBGUnix" />
			<Option target="NDBGUnix" />
			<Option target="DBGWindows" />
			<Option target="NDBGWindows" />
		</Unit>
		<Unit filename="src/loop.c">
			<Option compilerVar="CC" />
			<Option target="DBGUnix" />
			<Option target="NDBGUnix" />
			<Option target="DBGWindows" />
			<Option target="NDBGWindows" />
		</Unit>
		<Unit filename="src/loop.h">
			<Option target="DBGUnix" />
			<Option target="NDBGUnix" />
			<Option target="DBGWindows" />
			<Option target="NDBGWindows" />
		</Unit>
		<Unit filename="src/main.c">
			<Option compilerVar="CC" />
			<Option target="DBGUnix" />
			<Option target="NDBGUnix" />
			<Option target="DBGWindows" />
			<Option target="NDBGWindows" />
		</Unit>
		<Unit filename="src/main.h">
			<Option target="DBGUnix" />
			<Option target="NDBGUnix" />
			<Option target="DBGWindows" />
			<Option target="NDBGWindows" />
		</Unit>
		<Unit filename="src/map.c">
			<Option compilerVar="CC" />
			<Option target="DBGUnix" />
			<Option target="NDBGUnix" />
			<Option target="DBGWindows" />
			<Option target="NDBGWindows" />
		</Unit>
		<Unit filename="src/map.h">
			<Option target="DBGUnix" />
			<Option target="NDBGUnix" />
			<Option target="DBGWindows" />
			<Option target="NDBGWindows" />
		</Unit>
		<Unit filename="src/mapdisplay.c">
			<Option compilerVar="CC" />
			<Option target="DBGUnix" />
			<Option target="NDBGUnix" />
			<Option target="DBGWindows" />
			<Option target="NDBGWindows" />
		</Unit>
		<Unit filename="src/mapdisplay.h">
			<Option target="DBGUnix" />
			<Option target="NDBGUnix" />
			<Option target="DBGWindows" />
			<Option target="NDBGWindows" />
		</Unit>
		<Unit filename="src/mapgrid.c">
			<Option compilerVar="CC" />
			<Option target="DBGUnix" />
			<Option target="NDBGUnix" />
			<Option target="DBGWindows" />
			<Option target="NDBGWindows" />
		</Unit>
		<Unit filename="src/mapgrid.h">
			<Option target="DBGUnix" />
			<Option target="NDBGUnix" />
			<Option target="DBGWindows" />
			<Option target="NDBGWindows" />
		</Unit>
		<Unit filename="src/mechanics.c">
			<Option compilerVar="CC" />
			<Option target="DBGUnix" />
			<Option target="NDBGUnix" />
			<Option target="DBGWindows" />
			<Option target="NDBGWindows" />
		</Unit>
		<Unit filename="src/mechanics.h">
			<Option target="DBGUnix" />
			<Option target="NDBGUnix" />
			<Option target="DBGWindows" />
			<Option target="NDBGWindows" />
		</Unit>
		<Unit filename="src/message.c">
			<Option compilerVar="CC" />
			<Option target="DBGUnix" />
			<Option target="NDBGUnix" />
			<Option target="DBGWindows" />
			<Option target="NDBGWindows" />
		</Unit>
		<Unit filename="src/message.h">
			<Option target="DBGUnix" />
			<Option target="NDBGUnix" />
			<Option target="DBGWindows" />
			<Option target="NDBGWindows" />
		</Unit>
		<Unit filename="src/messagedef.h">
			<Option target="DBGUnix" />
			<Option target="NDBGUnix" />
			<Option target="DBGWindows" />
			<Option target="NDBGWindows" />
		</Unit>
		<Unit filename="src/miscimd.c">
			<Option compilerVar="CC" />
			<Option target="DBGUnix" />
			<Option target="NDBGUnix" />
			<Option target="DBGWindows" />
			<Option target="NDBGWindows" />
		</Unit>
		<Unit filename="src/miscimd.h">
			<Option target="DBGUnix" />
			<Option target="NDBGUnix" />
			<Option target="DBGWindows" />
			<Option target="NDBGWindows" />
		</Unit>
		<Unit filename="src/mission.c">
			<Option compilerVar="CC" />
			<Option target="DBGUnix" />
			<Option target="NDBGUnix" />
			<Option target="DBGWindows" />
			<Option target="NDBGWindows" />
		</Unit>
		<Unit filename="src/mission.h">
			<Option target="DBGUnix" />
			<Option target="NDBGUnix" />
			<Option target="DBGWindows" />
			<Option target="NDBGWindows" />
		</Unit>
		<Unit filename="src/missiondef.h">
			<Option target="DBGUnix" />
			<Option target="NDBGUnix" />
			<Option target="DBGWindows" />
			<Option target="NDBGWindows" />
		</Unit>
		<Unit filename="src/modding.h">
			<Option target="DBGUnix" />
			<Option target="NDBGUnix" />
			<Option target="DBGWindows" />
			<Option target="NDBGWindows" />
		</Unit>
		<Unit filename="src/move.c">
			<Option compilerVar="CC" />
			<Option target="DBGUnix" />
			<Option target="NDBGUnix" />
			<Option target="DBGWindows" />
			<Option target="NDBGWindows" />
		</Unit>
		<Unit filename="src/move.h">
			<Option target="DBGUnix" />
			<Option target="NDBGUnix" />
			<Option target="DBGWindows" />
			<Option target="NDBGWindows" />
		</Unit>
		<Unit filename="src/movedef.h">
			<Option target="DBGUnix" />
			<Option target="NDBGUnix" />
			<Option target="DBGWindows" />
			<Option target="NDBGWindows" />
		</Unit>
		<Unit filename="src/multibot.c">
			<Option compilerVar="CC" />
			<Option target="DBGUnix" />
			<Option target="NDBGUnix" />
			<Option target="DBGWindows" />
			<Option target="NDBGWindows" />
		</Unit>
		<Unit filename="src/multigifts.c">
			<Option compilerVar="CC" />
			<Option target="DBGUnix" />
			<Option target="NDBGUnix" />
			<Option target="DBGWindows" />
			<Option target="NDBGWindows" />
		</Unit>
		<Unit filename="src/multigifts.h">
			<Option target="DBGUnix" />
			<Option target="NDBGUnix" />
			<Option target="DBGWindows" />
			<Option target="NDBGWindows" />
		</Unit>
		<Unit filename="src/multiint.c">
			<Option compilerVar="CC" />
			<Option target="DBGUnix" />
			<Option target="NDBGUnix" />
			<Option target="DBGWindows" />
			<Option target="NDBGWindows" />
		</Unit>
		<Unit filename="src/multiint.h">
			<Option target="DBGUnix" />
			<Option target="NDBGUnix" />
			<Option target="DBGWindows" />
			<Option target="NDBGWindows" />
		</Unit>
		<Unit filename="src/multijoin.c">
			<Option compilerVar="CC" />
			<Option target="DBGUnix" />
			<Option target="NDBGUnix" />
			<Option target="DBGWindows" />
			<Option target="NDBGWindows" />
		</Unit>
		<Unit filename="src/multijoin.h">
			<Option target="DBGUnix" />
			<Option target="NDBGUnix" />
			<Option target="DBGWindows" />
			<Option target="NDBGWindows" />
		</Unit>
		<Unit filename="src/multilimit.c">
			<Option compilerVar="CC" />
			<Option target="DBGUnix" />
			<Option target="NDBGUnix" />
			<Option target="DBGWindows" />
			<Option target="NDBGWindows" />
		</Unit>
		<Unit filename="src/multilimit.h">
			<Option target="DBGUnix" />
			<Option target="NDBGUnix" />
			<Option target="DBGWindows" />
			<Option target="NDBGWindows" />
		</Unit>
		<Unit filename="src/multimenu.c">
			<Option compilerVar="CC" />
			<Option target="DBGUnix" />
			<Option target="NDBGUnix" />
			<Option target="DBGWindows" />
			<Option target="NDBGWindows" />
		</Unit>
		<Unit filename="src/multimenu.h">
			<Option target="DBGUnix" />
			<Option target="NDBGUnix" />
			<Option target="DBGWindows" />
			<Option target="NDBGWindows" />
		</Unit>
		<Unit filename="src/multiopt.c">
			<Option compilerVar="CC" />
			<Option target="DBGUnix" />
			<Option target="NDBGUnix" />
			<Option target="DBGWindows" />
			<Option target="NDBGWindows" />
		</Unit>
		<Unit filename="src/multiplay.c">
			<Option compilerVar="CC" />
			<Option target="DBGUnix" />
			<Option target="NDBGUnix" />
			<Option target="DBGWindows" />
			<Option target="NDBGWindows" />
		</Unit>
		<Unit filename="src/multiplay.h">
			<Option target="DBGUnix" />
			<Option target="NDBGUnix" />
			<Option target="DBGWindows" />
			<Option target="NDBGWindows" />
		</Unit>
		<Unit filename="src/multirecv.h">
			<Option target="DBGUnix" />
			<Option target="NDBGUnix" />
			<Option target="DBGWindows" />
			<Option target="NDBGWindows" />
		</Unit>
		<Unit filename="src/multistat.c">
			<Option compilerVar="CC" />
			<Option target="DBGUnix" />
			<Option target="NDBGUnix" />
			<Option target="DBGWindows" />
			<Option target="NDBGWindows" />
		</Unit>
		<Unit filename="src/multistat.h">
			<Option target="DBGUnix" />
			<Option target="NDBGUnix" />
			<Option target="DBGWindows" />
			<Option target="NDBGWindows" />
		</Unit>
		<Unit filename="src/multistruct.c">
			<Option compilerVar="CC" />
			<Option target="DBGUnix" />
			<Option target="NDBGUnix" />
			<Option target="DBGWindows" />
			<Option target="NDBGWindows" />
		</Unit>
		<Unit filename="src/multisync.c">
			<Option compilerVar="CC" />
			<Option target="DBGUnix" />
			<Option target="NDBGUnix" />
			<Option target="DBGWindows" />
			<Option target="NDBGWindows" />
		</Unit>
		<Unit filename="src/objectdef.h">
			<Option target="DBGUnix" />
			<Option target="NDBGUnix" />
			<Option target="DBGWindows" />
			<Option target="NDBGWindows" />
		</Unit>
		<Unit filename="src/objects.c">
			<Option compilerVar="CC" />
			<Option target="DBGUnix" />
			<Option target="NDBGUnix" />
			<Option target="DBGWindows" />
			<Option target="NDBGWindows" />
		</Unit>
		<Unit filename="src/objects.h">
			<Option target="DBGUnix" />
			<Option target="NDBGUnix" />
			<Option target="DBGWindows" />
			<Option target="NDBGWindows" />
		</Unit>
		<Unit filename="src/objmem.c">
			<Option compilerVar="CC" />
			<Option target="DBGUnix" />
			<Option target="NDBGUnix" />
			<Option target="DBGWindows" />
			<Option target="NDBGWindows" />
		</Unit>
		<Unit filename="src/objmem.h">
			<Option target="DBGUnix" />
			<Option target="NDBGUnix" />
			<Option target="DBGWindows" />
			<Option target="NDBGWindows" />
		</Unit>
		<Unit filename="src/oprint.c">
			<Option compilerVar="CC" />
			<Option target="DBGUnix" />
			<Option target="NDBGUnix" />
			<Option target="DBGWindows" />
			<Option target="NDBGWindows" />
		</Unit>
		<Unit filename="src/oprint.h">
			<Option target="DBGUnix" />
			<Option target="NDBGUnix" />
			<Option target="DBGWindows" />
			<Option target="NDBGWindows" />
		</Unit>
		<Unit filename="src/order.c">
			<Option compilerVar="CC" />
			<Option target="DBGUnix" />
			<Option target="NDBGUnix" />
			<Option target="DBGWindows" />
			<Option target="NDBGWindows" />
		</Unit>
		<Unit filename="src/order.h">
			<Option target="DBGUnix" />
			<Option target="NDBGUnix" />
			<Option target="DBGWindows" />
			<Option target="NDBGWindows" />
		</Unit>
		<Unit filename="src/orderdef.h">
			<Option target="DBGUnix" />
			<Option target="NDBGUnix" />
			<Option target="DBGWindows" />
			<Option target="NDBGWindows" />
		</Unit>
		<Unit filename="src/parsetest.c">
			<Option compilerVar="CC" />
			<Option target="DBGUnix" />
			<Option target="NDBGUnix" />
			<Option target="DBGWindows" />
			<Option target="NDBGWindows" />
		</Unit>
		<Unit filename="src/parsetest.h">
			<Option target="DBGUnix" />
			<Option target="NDBGUnix" />
			<Option target="DBGWindows" />
			<Option target="NDBGWindows" />
		</Unit>
		<Unit filename="src/positiondef.h">
			<Option target="DBGUnix" />
			<Option target="NDBGUnix" />
			<Option target="DBGWindows" />
			<Option target="NDBGWindows" />
		</Unit>
		<Unit filename="src/power.c">
			<Option compilerVar="CC" />
			<Option target="DBGUnix" />
			<Option target="NDBGUnix" />
			<Option target="DBGWindows" />
			<Option target="NDBGWindows" />
		</Unit>
		<Unit filename="src/power.h">
			<Option target="DBGUnix" />
			<Option target="NDBGUnix" />
			<Option target="DBGWindows" />
			<Option target="NDBGWindows" />
		</Unit>
		<Unit filename="src/projectile.c">
			<Option compilerVar="CC" />
			<Option target="DBGUnix" />
			<Option target="NDBGUnix" />
			<Option target="DBGWindows" />
			<Option target="NDBGWindows" />
		</Unit>
		<Unit filename="src/projectile.h">
			<Option target="DBGUnix" />
			<Option target="NDBGUnix" />
			<Option target="DBGWindows" />
			<Option target="NDBGWindows" />
		</Unit>
		<Unit filename="src/projectiledef.h">
			<Option target="DBGUnix" />
			<Option target="NDBGUnix" />
			<Option target="DBGWindows" />
			<Option target="NDBGWindows" />
		</Unit>
		<Unit filename="src/radar.c">
			<Option compilerVar="CC" />
			<Option target="DBGUnix" />
			<Option target="NDBGUnix" />
			<Option target="DBGWindows" />
			<Option target="NDBGWindows" />
		</Unit>
		<Unit filename="src/radar.h">
			<Option target="DBGUnix" />
			<Option target="NDBGUnix" />
			<Option target="DBGWindows" />
			<Option target="NDBGWindows" />
		</Unit>
		<Unit filename="src/raycast.c">
			<Option compilerVar="CC" />
			<Option target="DBGUnix" />
			<Option target="NDBGUnix" />
			<Option target="DBGWindows" />
			<Option target="NDBGWindows" />
		</Unit>
		<Unit filename="src/raycast.h">
			<Option target="DBGUnix" />
			<Option target="NDBGUnix" />
			<Option target="DBGWindows" />
			<Option target="NDBGWindows" />
		</Unit>
		<Unit filename="src/research.c">
			<Option compilerVar="CC" />
			<Option target="DBGUnix" />
			<Option target="NDBGUnix" />
			<Option target="DBGWindows" />
			<Option target="NDBGWindows" />
		</Unit>
		<Unit filename="src/research.h">
			<Option target="DBGUnix" />
			<Option target="NDBGUnix" />
			<Option target="DBGWindows" />
			<Option target="NDBGWindows" />
		</Unit>
		<Unit filename="src/researchdef.h">
			<Option target="DBGUnix" />
			<Option target="NDBGUnix" />
			<Option target="DBGWindows" />
			<Option target="NDBGWindows" />
		</Unit>
		<Unit filename="src/scores.c">
			<Option compilerVar="CC" />
			<Option target="DBGUnix" />
			<Option target="NDBGUnix" />
			<Option target="DBGWindows" />
			<Option target="NDBGWindows" />
		</Unit>
		<Unit filename="src/scores.h">
			<Option target="DBGUnix" />
			<Option target="NDBGUnix" />
			<Option target="DBGWindows" />
			<Option target="NDBGWindows" />
		</Unit>
		<Unit filename="src/scriptai.c">
			<Option compilerVar="CC" />
			<Option target="DBGUnix" />
			<Option target="NDBGUnix" />
			<Option target="DBGWindows" />
			<Option target="NDBGWindows" />
		</Unit>
		<Unit filename="src/scriptai.h">
			<Option target="DBGUnix" />
			<Option target="NDBGUnix" />
			<Option target="DBGWindows" />
			<Option target="NDBGWindows" />
		</Unit>
		<Unit filename="src/scriptcb.c">
			<Option compilerVar="CC" />
			<Option target="DBGUnix" />
			<Option target="NDBGUnix" />
			<Option target="DBGWindows" />
			<Option target="NDBGWindows" />
		</Unit>
		<Unit filename="src/scriptcb.h">
			<Option target="DBGUnix" />
			<Option target="NDBGUnix" />
			<Option target="DBGWindows" />
			<Option target="NDBGWindows" />
		</Unit>
		<Unit filename="src/scriptextern.c">
			<Option compilerVar="CC" />
			<Option target="DBGUnix" />
			<Option target="NDBGUnix" />
			<Option target="DBGWindows" />
			<Option target="NDBGWindows" />
		</Unit>
		<Unit filename="src/scriptextern.h">
			<Option target="DBGUnix" />
			<Option target="NDBGUnix" />
			<Option target="DBGWindows" />
			<Option target="NDBGWindows" />
		</Unit>
		<Unit filename="src/scriptfuncs.c">
			<Option compilerVar="CC" />
			<Option target="DBGUnix" />
			<Option target="NDBGUnix" />
			<Option target="DBGWindows" />
			<Option target="NDBGWindows" />
		</Unit>
		<Unit filename="src/scriptfuncs.h">
			<Option target="DBGUnix" />
			<Option target="NDBGUnix" />
			<Option target="DBGWindows" />
			<Option target="NDBGWindows" />
		</Unit>
		<Unit filename="src/scriptobj.c">
			<Option compilerVar="CC" />
			<Option target="DBGUnix" />
			<Option target="NDBGUnix" />
			<Option target="DBGWindows" />
			<Option target="NDBGWindows" />
		</Unit>
		<Unit filename="src/scriptobj.h">
			<Option target="DBGUnix" />
			<Option target="NDBGUnix" />
			<Option target="DBGWindows" />
			<Option target="NDBGWindows" />
		</Unit>
		<Unit filename="src/scripttabs.c">
			<Option compilerVar="CC" />
			<Option target="DBGUnix" />
			<Option target="NDBGUnix" />
			<Option target="DBGWindows" />
			<Option target="NDBGWindows" />
		</Unit>
		<Unit filename="src/scripttabs.h">
			<Option target="DBGUnix" />
			<Option target="NDBGUnix" />
			<Option target="DBGWindows" />
			<Option target="NDBGWindows" />
		</Unit>
		<Unit filename="src/scriptvals.c">
			<Option compilerVar="CC" />
			<Option target="DBGUnix" />
			<Option target="NDBGUnix" />
			<Option target="DBGWindows" />
			<Option target="NDBGWindows" />
		</Unit>
		<Unit filename="src/scriptvals.h">
			<Option target="DBGUnix" />
			<Option target="NDBGUnix" />
			<Option target="DBGWindows" />
			<Option target="NDBGWindows" />
		</Unit>
		<Unit filename="src/scriptvals_lexer.l">
			<Option compilerVar="CC" />
			<Option compile="1" />
			<Option link="1" />
			<Option compiler="gcc" use="1" buildCommand="flex -o$file.c $file\n$compiler $options $includes -c $file.c -o $object" />
			<Option target="DBGUnix" />
			<Option target="NDBGUnix" />
			<Option target="DBGWindows" />
			<Option target="NDBGWindows" />
		</Unit>
		<Unit filename="src/scriptvals_parser.y">
			<Option compilerVar="CC" />
			<Option compile="1" />
			<Option link="1" />
			<Option weight="10" />
			<Option compiler="gcc" use="1" buildCommand="bison -y -d -osrc/scriptvals_parser.tab.c $file\n$compiler $options $includes -c src/scriptvals_parser.tab.c -o $object" />
			<Option target="DBGUnix" />
			<Option target="NDBGUnix" />
			<Option target="DBGWindows" />
			<Option target="NDBGWindows" />
		</Unit>
		<Unit filename="src/selection.c">
			<Option compilerVar="CC" />
			<Option target="DBGUnix" />
			<Option target="NDBGUnix" />
			<Option target="DBGWindows" />
			<Option target="NDBGWindows" />
		</Unit>
		<Unit filename="src/selection.h">
			<Option target="DBGUnix" />
			<Option target="NDBGUnix" />
			<Option target="DBGWindows" />
			<Option target="NDBGWindows" />
		</Unit>
		<Unit filename="src/seqdisp.c">
			<Option compilerVar="CC" />
			<Option target="DBGUnix" />
			<Option target="NDBGUnix" />
			<Option target="DBGWindows" />
			<Option target="NDBGWindows" />
		</Unit>
		<Unit filename="src/seqdisp.h">
			<Option target="DBGUnix" />
			<Option target="NDBGUnix" />
			<Option target="DBGWindows" />
			<Option target="NDBGWindows" />
		</Unit>
		<Unit filename="src/stats-db.c">
			<Option compilerVar="CC" />
			<Option compile="0" />
			<Option link="0" />
			<Option target="DBGUnix" />
			<Option target="NDBGUnix" />
			<Option target="DBGWindows" />
			<Option target="NDBGWindows" />
		</Unit>
		<Unit filename="src/stats-db.h">
			<Option target="DBGUnix" />
			<Option target="NDBGUnix" />
			<Option target="DBGWindows" />
			<Option target="NDBGWindows" />
		</Unit>
		<Unit filename="src/stats.c">
			<Option compilerVar="CC" />
			<Option target="DBGUnix" />
			<Option target="NDBGUnix" />
			<Option target="DBGWindows" />
			<Option target="NDBGWindows" />
		</Unit>
		<Unit filename="src/stats.h">
			<Option target="DBGUnix" />
			<Option target="NDBGUnix" />
			<Option target="DBGWindows" />
			<Option target="NDBGWindows" />
		</Unit>
		<Unit filename="src/statsdef.h">
			<Option target="DBGUnix" />
			<Option target="NDBGUnix" />
			<Option target="DBGWindows" />
			<Option target="NDBGWindows" />
		</Unit>
		<Unit filename="src/structure.c">
			<Option compilerVar="CC" />
			<Option target="DBGUnix" />
			<Option target="NDBGUnix" />
			<Option target="DBGWindows" />
			<Option target="NDBGWindows" />
		</Unit>
		<Unit filename="src/structure.h">
			<Option target="DBGUnix" />
			<Option target="NDBGUnix" />
			<Option target="DBGWindows" />
			<Option target="NDBGWindows" />
		</Unit>
		<Unit filename="src/structuredef.h">
			<Option target="DBGUnix" />
			<Option target="NDBGUnix" />
			<Option target="DBGWindows" />
			<Option target="NDBGWindows" />
		</Unit>
		<Unit filename="src/target.c">
			<Option compilerVar="CC" />
			<Option target="DBGUnix" />
			<Option target="NDBGUnix" />
			<Option target="DBGWindows" />
			<Option target="NDBGWindows" />
		</Unit>
		<Unit filename="src/target.h">
			<Option target="DBGUnix" />
			<Option target="NDBGUnix" />
			<Option target="DBGWindows" />
			<Option target="NDBGWindows" />
		</Unit>
		<Unit filename="src/text.c">
			<Option compilerVar="CC" />
			<Option target="DBGUnix" />
			<Option target="NDBGUnix" />
			<Option target="DBGWindows" />
			<Option target="NDBGWindows" />
		</Unit>
		<Unit filename="src/text.h">
			<Option target="DBGUnix" />
			<Option target="NDBGUnix" />
			<Option target="DBGWindows" />
			<Option target="NDBGWindows" />
		</Unit>
		<Unit filename="src/texture.c">
			<Option compilerVar="CC" />
			<Option target="DBGUnix" />
			<Option target="NDBGUnix" />
			<Option target="DBGWindows" />
			<Option target="NDBGWindows" />
		</Unit>
		<Unit filename="src/texture.h">
			<Option target="DBGUnix" />
			<Option target="NDBGUnix" />
			<Option target="DBGWindows" />
			<Option target="NDBGWindows" />
		</Unit>
		<Unit filename="src/transporter.c">
			<Option compilerVar="CC" />
			<Option target="DBGUnix" />
			<Option target="NDBGUnix" />
			<Option target="DBGWindows" />
			<Option target="NDBGWindows" />
		</Unit>
		<Unit filename="src/transporter.h">
			<Option target="DBGUnix" />
			<Option target="NDBGUnix" />
			<Option target="DBGWindows" />
			<Option target="NDBGWindows" />
		</Unit>
		<Unit filename="src/version.c">
			<Option compilerVar="CC" />
			<Option target="DBGUnix" />
			<Option target="NDBGUnix" />
			<Option target="DBGWindows" />
			<Option target="NDBGWindows" />
		</Unit>
		<Unit filename="src/version.h">
			<Option target="DBGUnix" />
			<Option target="NDBGUnix" />
			<Option target="DBGWindows" />
			<Option target="NDBGWindows" />
		</Unit>
		<Unit filename="src/visibility.c">
			<Option compilerVar="CC" />
			<Option target="DBGUnix" />
			<Option target="NDBGUnix" />
			<Option target="DBGWindows" />
			<Option target="NDBGWindows" />
		</Unit>
		<Unit filename="src/visibility.h">
			<Option target="DBGUnix" />
			<Option target="NDBGUnix" />
			<Option target="DBGWindows" />
			<Option target="NDBGWindows" />
		</Unit>
		<Unit filename="src/warcam.c">
			<Option compilerVar="CC" />
			<Option target="DBGUnix" />
			<Option target="NDBGUnix" />
			<Option target="DBGWindows" />
			<Option target="NDBGWindows" />
		</Unit>
		<Unit filename="src/warcam.h">
			<Option target="DBGUnix" />
			<Option target="NDBGUnix" />
			<Option target="DBGWindows" />
			<Option target="NDBGWindows" />
		</Unit>
		<Unit filename="src/warzoneconfig.c">
			<Option compilerVar="CC" />
			<Option target="DBGUnix" />
			<Option target="NDBGUnix" />
			<Option target="DBGWindows" />
			<Option target="NDBGWindows" />
		</Unit>
		<Unit filename="src/warzoneconfig.h">
			<Option target="DBGUnix" />
			<Option target="NDBGUnix" />
			<Option target="DBGWindows" />
			<Option target="NDBGWindows" />
		</Unit>
		<Unit filename="src/weapondef.h">
			<Option target="DBGUnix" />
			<Option target="NDBGUnix" />
			<Option target="DBGWindows" />
			<Option target="NDBGWindows" />
		</Unit>
		<Unit filename="src/wrappers.c">
			<Option compilerVar="CC" />
			<Option target="DBGUnix" />
			<Option target="NDBGUnix" />
			<Option target="DBGWindows" />
			<Option target="NDBGWindows" />
		</Unit>
		<Unit filename="src/wrappers.h">
			<Option target="DBGUnix" />
			<Option target="NDBGUnix" />
			<Option target="DBGWindows" />
			<Option target="NDBGWindows" />
		</Unit>
		<Unit filename="win32/warzone2100.rc">
			<Option compilerVar="WINDRES" />
			<Option target="DBGWindows" />
			<Option target="NDBGWindows" />
		</Unit>
		<Extensions>
			<code_completion />
			<envvars />
			<debugger />
		</Extensions>
	</Project>
</CodeBlocks_project_file>
