<?xml version="1.0" encoding="utf-8"?>
<Project ToolsVersion="4.0" xmlns="http://schemas.microsoft.com/developer/msbuild/2003">
  <ItemGroup>
    <Filter Include="Source Files">
      <UniqueIdentifier>{4FC737F1-C7A5-4376-A066-2A32D752A2FF}</UniqueIdentifier>
      <Extensions>cpp;c;cc;cxx;def;odl;idl;hpj;bat;asm;asmx</Extensions>
    </Filter>
    <Filter Include="Header Files">
      <UniqueIdentifier>{93995380-89BD-4b04-88EB-625FBE52EBFB}</UniqueIdentifier>
      <Extensions>h;hpp;hxx;hm;inl;inc;xsd</Extensions>
    </Filter>
    <Filter Include="FlexBison">
      <UniqueIdentifier>{558c4d54-ca83-45b2-94bd-a22fe549de35}</UniqueIdentifier>
    </Filter>
  </ItemGroup>
  <ItemGroup>
    <ClCompile Include="configfile.cpp">
      <Filter>Source Files</Filter>
    </ClCompile>
    <ClCompile Include="crc.cpp">
      <Filter>Source Files</Filter>
    </ClCompile>
    <ClCompile Include="cursors.cpp">
      <Filter>Source Files</Filter>
    </ClCompile>
    <ClCompile Include="cursors16.cpp">
      <Filter>Source Files</Filter>
    </ClCompile>
    <ClCompile Include="cursors32.cpp">
      <Filter>Source Files</Filter>
    </ClCompile>
    <ClCompile Include="debug.cpp">
      <Filter>Source Files</Filter>
    </ClCompile>
    <ClCompile Include="frame.cpp">
      <Filter>Source Files</Filter>
    </ClCompile>
    <ClCompile Include="frameresource.cpp">
      <Filter>Source Files</Filter>
    </ClCompile>
    <ClCompile Include="i18n.cpp">
      <Filter>Source Files</Filter>
    </ClCompile>
    <ClCompile Include="input.cpp">
      <Filter>Source Files</Filter>
    </ClCompile>
    <ClCompile Include="lexer_input.cpp">
      <Filter>Source Files</Filter>
    </ClCompile>
    <ClCompile Include="resource_lexer.lex.cpp">
      <Filter>Source Files</Filter>
    </ClCompile>
    <ClCompile Include="resource_parser.tab.cpp">
      <Filter>Source Files</Filter>
    </ClCompile>
    <ClCompile Include="SDL_framerate.cpp">
      <Filter>Source Files</Filter>
    </ClCompile>
    <ClCompile Include="stdio_ext.cpp">
      <Filter>Source Files</Filter>
    </ClCompile>
    <ClCompile Include="strres.cpp">
      <Filter>Source Files</Filter>
    </ClCompile>
    <ClCompile Include="strres_lexer.lex.cpp">
      <Filter>Source Files</Filter>
    </ClCompile>
    <ClCompile Include="strres_parser.tab.cpp">
      <Filter>Source Files</Filter>
    </ClCompile>
    <ClCompile Include="tagfile.cpp">
      <Filter>Source Files</Filter>
    </ClCompile>
    <ClCompile Include="treap.cpp">
      <Filter>Source Files</Filter>
    </ClCompile>
    <ClCompile Include="trig.cpp">
      <Filter>Source Files</Filter>
    </ClCompile>
    <ClCompile Include="utf.cpp">
      <Filter>Source Files</Filter>
    </ClCompile>
  </ItemGroup>
  <ItemGroup>
    <ClInclude Include="configfile.h">
      <Filter>Header Files</Filter>
    </ClInclude>
    <ClInclude Include="crc.h">
      <Filter>Header Files</Filter>
    </ClInclude>
    <ClInclude Include="cursors.h">
      <Filter>Header Files</Filter>
    </ClInclude>
    <ClInclude Include="debug.h">
      <Filter>Header Files</Filter>
    </ClInclude>
    <ClInclude Include="endian_hack.h">
      <Filter>Header Files</Filter>
    </ClInclude>
    <ClInclude Include="file.h">
      <Filter>Header Files</Filter>
    </ClInclude>
    <ClInclude Include="fixedpoint.h">
      <Filter>Header Files</Filter>
    </ClInclude>
    <ClInclude Include="frame.h">
      <Filter>Header Files</Filter>
    </ClInclude>
    <ClInclude Include="frameint.h">
      <Filter>Header Files</Filter>
    </ClInclude>
    <ClInclude Include="frameresource.h">
      <Filter>Header Files</Filter>
    </ClInclude>
    <ClInclude Include="gettext.h">
      <Filter>Header Files</Filter>
    </ClInclude>
    <ClInclude Include="i18n.h">
      <Filter>Header Files</Filter>
    </ClInclude>
    <ClInclude Include="input.h">
      <Filter>Header Files</Filter>
    </ClInclude>
    <ClInclude Include="lexer_input.h">
      <Filter>Header Files</Filter>
    </ClInclude>
    <ClInclude Include="listmacs.h">
      <Filter>Header Files</Filter>
    </ClInclude>
    <ClInclude Include="macros.h">
      <Filter>Header Files</Filter>
    </ClInclude>
    <ClInclude Include="math_ext.h">
      <Filter>Header Files</Filter>
    </ClInclude>
    <ClInclude Include="physfs_ext.h">
      <Filter>Header Files</Filter>
    </ClInclude>
    <ClInclude Include="resly.h">
      <Filter>Header Files</Filter>
    </ClInclude>
    <ClInclude Include="resource_parser.tab.hpp">
      <Filter>Header Files</Filter>
    </ClInclude>
    <ClInclude Include="SDL_framerate.h">
      <Filter>Header Files</Filter>
    </ClInclude>
    <ClInclude Include="stdio_ext.h">
      <Filter>Header Files</Filter>
    </ClInclude>
    <ClInclude Include="string_ext.h">
      <Filter>Header Files</Filter>
    </ClInclude>
    <ClInclude Include="strres.h">
      <Filter>Header Files</Filter>
    </ClInclude>
    <ClInclude Include="strres_parser.tab.hpp">
      <Filter>Header Files</Filter>
    </ClInclude>
    <ClInclude Include="strresly.h">
      <Filter>Header Files</Filter>
    </ClInclude>
    <ClInclude Include="tagfile.h">
      <Filter>Header Files</Filter>
    </ClInclude>
    <ClInclude Include="treap.h">
      <Filter>Header Files</Filter>
    </ClInclude>
    <ClInclude Include="trig.h">
      <Filter>Header Files</Filter>
    </ClInclude>
    <ClInclude Include="types.h">
      <Filter>Header Files</Filter>
    </ClInclude>
    <ClInclude Include="utf.h">
      <Filter>Header Files</Filter>
    </ClInclude>
    <ClInclude Include="vector.h">
      <Filter>Header Files</Filter>
    </ClInclude>
    <ClInclude Include="wzglobal.h">
      <Filter>Header Files</Filter>
    </ClInclude>
  </ItemGroup>
  <ItemGroup>
    <FlexGenerator Include="resource_lexer.l">
      <Filter>FlexBison</Filter>
    </FlexGenerator>
    <FlexGenerator Include="strres_lexer.l">
      <Filter>FlexBison</Filter>
    </FlexGenerator>
  </ItemGroup>
  <ItemGroup>
    <BisonParser Include="resource_parser.y">
      <Filter>FlexBison</Filter>
    </BisonParser>
    <BisonParser Include="strres_parser.y">
      <Filter>FlexBison</Filter>
    </BisonParser>
  </ItemGroup>
</Project>