<?xml version="1.0" encoding="utf-8"?>
<Project ToolsVersion="4.0" xmlns="http://schemas.microsoft.com/developer/msbuild/2003">
  <ItemGroup>
    <Filter Include="Source Files">
      <UniqueIdentifier>{4FC737F1-C7A5-4376-A066-2A32D752A2FF}</UniqueIdentifier>
      <Extensions>cpp;c;cc;cxx;def;odl;idl;hpj;bat;asm;asmx</Extensions>
    </Filter>
    <Filter Include="Source Files\miniUPnP">
      <UniqueIdentifier>{4acb97a9-705f-4f1f-8383-1b822cc910aa}</UniqueIdentifier>
    </Filter>
    <Filter Include="Source Files\miniUPnP\src files">
      <UniqueIdentifier>{a86c775a-4585-4c24-a103-8e09cda854e4}</UniqueIdentifier>
    </Filter>
    <Filter Include="Source Files\miniUPnP\header files">
      <UniqueIdentifier>{93995380-89BD-4b04-88EB-625FBE52EBFB}</UniqueIdentifier>
      <Extensions>h;hpp;hxx;hm;inl;inc;xsd</Extensions>
    </Filter>
    <Filter Include="Header Files">
      <UniqueIdentifier>{b947b883-ea36-4d89-909a-79dc15e9a968}</UniqueIdentifier>
    </Filter>
  </ItemGroup>
  <ItemGroup>
    <ClCompile Include="..\..\3rdparty\miniupnpc\upnpreplyparse.c">
      <Filter>Source Files\miniUPnP\src files</Filter>
    </ClCompile>
    <ClCompile Include="..\..\3rdparty\miniupnpc\connecthostport.c">
      <Filter>Source Files\miniUPnP\src files</Filter>
    </ClCompile>
    <ClCompile Include="..\..\3rdparty\miniupnpc\igd_desc_parse.c">
      <Filter>Source Files\miniUPnP\src files</Filter>
    </ClCompile>
    <ClCompile Include="..\..\3rdparty\miniupnpc\minisoap.c">
      <Filter>Source Files\miniUPnP\src files</Filter>
    </ClCompile>
    <ClCompile Include="..\..\3rdparty\miniupnpc\minissdpc.c">
      <Filter>Source Files\miniUPnP\src files</Filter>
    </ClCompile>
    <ClCompile Include="..\..\3rdparty\miniupnpc\miniupnpc.c">
      <Filter>Source Files\miniUPnP\src files</Filter>
    </ClCompile>
    <ClCompile Include="..\..\3rdparty\miniupnpc\miniwget.c">
      <Filter>Source Files\miniUPnP\src files</Filter>
    </ClCompile>
    <ClCompile Include="..\..\3rdparty\miniupnpc\minixml.c">
      <Filter>Source Files\miniUPnP\src files</Filter>
    </ClCompile>
    <ClCompile Include="..\..\3rdparty\miniupnpc\upnpcommands.c">
      <Filter>Source Files\miniUPnP\src files</Filter>
    </ClCompile>
    <ClCompile Include="..\..\3rdparty\miniupnpc\upnperrors.c">
      <Filter>Source Files\miniUPnP\src files</Filter>
    </ClCompile>
    <ClCompile Include="netlog.cpp">
      <Filter>Source Files</Filter>
    </ClCompile>
    <ClCompile Include="netplay.cpp">
      <Filter>Source Files</Filter>
    </ClCompile>
    <ClCompile Include="netqueue.cpp">
      <Filter>Source Files</Filter>
    </ClCompile>
    <ClCompile Include="netsocket.cpp">
      <Filter>Source Files</Filter>
    </ClCompile>
    <ClCompile Include="nettypes.cpp">
      <Filter>Source Files</Filter>
    </ClCompile>
    <ClCompile Include="netjoin_stub.cpp">
      <Filter>Source Files</Filter>
    </ClCompile>
    <ClCompile Include="..\..\3rdparty\miniupnpc\portlistingparse.c">
      <Filter>Source Files\miniUPnP\src files</Filter>
    </ClCompile>
    <ClCompile Include="..\..\3rdparty\miniupnpc\receivedata.c">
      <Filter>Source Files\miniUPnP\src files</Filter>
    </ClCompile>
  </ItemGroup>
  <ItemGroup>
    <ClInclude Include="..\..\3rdparty\miniupnpc\bsdqueue.h">
      <Filter>Source Files\miniUPnP\header files</Filter>
    </ClInclude>
    <ClInclude Include="..\..\3rdparty\miniupnpc\codelength.h">
      <Filter>Source Files\miniUPnP\header files</Filter>
    </ClInclude>
    <ClInclude Include="..\..\3rdparty\miniupnpc\connecthostport.h">
      <Filter>Source Files\miniUPnP\header files</Filter>
    </ClInclude>
    <ClInclude Include="..\..\3rdparty\miniupnpc\declspec.h">
      <Filter>Source Files\miniUPnP\header files</Filter>
    </ClInclude>
    <ClInclude Include="..\..\3rdparty\miniupnpc\igd_desc_parse.h">
      <Filter>Source Files\miniUPnP\header files</Filter>
    </ClInclude>
    <ClInclude Include="..\..\3rdparty\miniupnpc\minisoap.h">
      <Filter>Source Files\miniUPnP\header files</Filter>
    </ClInclude>
    <ClInclude Include="..\..\3rdparty\miniupnpc\minissdpc.h">
      <Filter>Source Files\miniUPnP\header files</Filter>
    </ClInclude>
    <ClInclude Include="..\..\3rdparty\miniupnpc\miniupnpc.h">
      <Filter>Source Files\miniUPnP\header files</Filter>
    </ClInclude>
    <ClInclude Include="..\..\3rdparty\miniupnpc\miniupnpcstrings.h">
      <Filter>Source Files\miniUPnP\header files</Filter>
    </ClInclude>
    <ClInclude Include="..\..\3rdparty\miniupnpc\miniwget.h">
      <Filter>Source Files\miniUPnP\header files</Filter>
    </ClInclude>
    <ClInclude Include="..\..\3rdparty\miniupnpc\minixml.h">
      <Filter>Source Files\miniUPnP\header files</Filter>
    </ClInclude>
    <ClInclude Include="..\..\3rdparty\miniupnpc\upnpcommands.h">
      <Filter>Source Files\miniUPnP\header files</Filter>
    </ClInclude>
    <ClInclude Include="..\..\3rdparty\miniupnpc\upnperrors.h">
      <Filter>Source Files\miniUPnP\header files</Filter>
    </ClInclude>
    <ClInclude Include="..\..\3rdparty\miniupnpc\upnpreplyparse.h">
      <Filter>Source Files\miniUPnP\header files</Filter>
    </ClInclude>
    <ClInclude Include="netqueue.h">
      <Filter>Header Files</Filter>
    </ClInclude>
    <ClInclude Include="netlog.h">
      <Filter>Header Files</Filter>
    </ClInclude>
    <ClInclude Include="netplay.h">
      <Filter>Header Files</Filter>
    </ClInclude>
    <ClInclude Include="netsocket.h">
      <Filter>Header Files</Filter>
    </ClInclude>
    <ClInclude Include="nettypes.h">
      <Filter>Header Files</Filter>
    </ClInclude>
    <ClInclude Include="..\..\3rdparty\miniupnpc\miniupnpctypes.h">
      <Filter>Source Files\miniUPnP\header files</Filter>
    </ClInclude>
    <ClInclude Include="..\..\3rdparty\miniupnpc\portlistingparse.h">
      <Filter>Source Files\miniUPnP\header files</Filter>
    </ClInclude>
    <ClInclude Include="..\..\3rdparty\miniupnpc\receivedata.h">
      <Filter>Source Files\miniUPnP\header files</Filter>
    </ClInclude>
  </ItemGroup>
</Project>