Microsoft Visual Studio Solution File, Format Version 8.00
Project("{8BC9CEB8-8B4A-11D0-8D11-00A0C91BC942}") = "Framework", "..\LIB\Framework\Framework.vcproj", "{3ED5F4BD-801B-4820-852F-D0735D67D300}"
	ProjectSection(ProjectDependencies) = postProject
	EndProjectSection
EndProject
Project("{8BC9CEB8-8B4A-11D0-8D11-00A0C91BC942}") = "GameLib", "..\Lib\GameLib\GameLib.vcproj", "{23220F5C-EFED-4DC5-AE67-898AB830BCE2}"
	ProjectSection(ProjectDependencies) = postProject
		{AC0E1A22-2240-45CD-9E8C-61CE80FEF9B6} = {AC0E1A22-2240-45CD-9E8C-61CE80FEF9B6}
		{F8070090-E9A2-4D42-9532-3E41041E91CF} = {F8070090-E9A2-4D42-9532-3E41041E91CF}
		{3ED5F4BD-801B-4820-852F-D0735D67D300} = {3ED5F4BD-801B-4820-852F-D0735D67D300}
	EndProjectSection
EndProject
Project("{8BC9CEB8-8B4A-11D0-8D11-00A0C91BC942}") = "Ivis02", "..\Lib\Ivis02\Ivis02.vcproj", "{F8070090-E9A2-4D42-9532-3E41041E91CF}"
	ProjectSection(ProjectDependencies) = postProject
		{3ED5F4BD-801B-4820-852F-D0735D67D300} = {3ED5F4BD-801B-4820-852F-D0735D67D300}
	EndProjectSection
EndProject
Project("{8BC9CEB8-8B4A-11D0-8D11-00A0C91BC942}") = "NetPlay", "..\Lib\NetPlay\NetPlay.vcproj", "{2BACE1D1-9002-4BB3-B8E5-D66718D76B81}"
	ProjectSection(ProjectDependencies) = postProject
		{3ED5F4BD-801B-4820-852F-D0735D67D300} = {3ED5F4BD-801B-4820-852F-D0735D67D300}
	EndProjectSection
EndProject
Project("{8BC9CEB8-8B4A-11D0-8D11-00A0C91BC942}") = "Script", "..\LIB\Script\Script.vcproj", "{2F31AA1C-CE38-4D66-A0AE-C7F83B3E024A}"
	ProjectSection(ProjectDependencies) = postProject
		{3ED5F4BD-801B-4820-852F-D0735D67D300} = {3ED5F4BD-801B-4820-852F-D0735D67D300}
	EndProjectSection
EndProject
Project("{8BC9CEB8-8B4A-11D0-8D11-00A0C91BC942}") = "Sequence", "..\LIB\Sequence\Sequence.vcproj", "{491FC857-EBFD-4093-81E5-B0388F61424D}"
	ProjectSection(ProjectDependencies) = postProject
		{23220F5C-EFED-4DC5-AE67-898AB830BCE2} = {23220F5C-EFED-4DC5-AE67-898AB830BCE2}
		{3ED5F4BD-801B-4820-852F-D0735D67D300} = {3ED5F4BD-801B-4820-852F-D0735D67D300}
	EndProjectSection
EndProject
Project("{8BC9CEB8-8B4A-11D0-8D11-00A0C91BC942}") = "Sound", "..\LIB\Sound\Sound.vcproj", "{AC0E1A22-2240-45CD-9E8C-61CE80FEF9B6}"
	ProjectSection(ProjectDependencies) = postProject
		{3ED5F4BD-801B-4820-852F-D0735D67D300} = {3ED5F4BD-801B-4820-852F-D0735D67D300}
	EndProjectSection
EndProject
Project("{8BC9CEB8-8B4A-11D0-8D11-00A0C91BC942}") = "Warzone", "Warzone.vcproj", "{6657AAB3-A537-4C8F-8A27-8FECF58EC156}"
	ProjectSection(ProjectDependencies) = postProject
		{6F7E6E00-AA9B-4366-9249-699C6D6CB4EC} = {6F7E6E00-AA9B-4366-9249-699C6D6CB4EC}
		{2F31AA1C-CE38-4D66-A0AE-C7F83B3E024A} = {2F31AA1C-CE38-4D66-A0AE-C7F83B3E024A}
		{AC0E1A22-2240-45CD-9E8C-61CE80FEF9B6} = {AC0E1A22-2240-45CD-9E8C-61CE80FEF9B6}
		{491FC857-EBFD-4093-81E5-B0388F61424D} = {491FC857-EBFD-4093-81E5-B0388F61424D}
		{23220F5C-EFED-4DC5-AE67-898AB830BCE2} = {23220F5C-EFED-4DC5-AE67-898AB830BCE2}
		{F8070090-E9A2-4D42-9532-3E41041E91CF} = {F8070090-E9A2-4D42-9532-3E41041E91CF}
		{3ED5F4BD-801B-4820-852F-D0735D67D300} = {3ED5F4BD-801B-4820-852F-D0735D67D300}
		{2BACE1D1-9002-4BB3-B8E5-D66718D76B81} = {2BACE1D1-9002-4BB3-B8E5-D66718D76B81}
	EndProjectSection
EndProject
Project("{8BC9CEB8-8B4A-11D0-8D11-00A0C91BC942}") = "Widget", "..\LIB\Widget\Widget.vcproj", "{6F7E6E00-AA9B-4366-9249-699C6D6CB4EC}"
	ProjectSection(ProjectDependencies) = postProject
		{F8070090-E9A2-4D42-9532-3E41041E91CF} = {F8070090-E9A2-4D42-9532-3E41041E91CF}
		{3ED5F4BD-801B-4820-852F-D0735D67D300} = {3ED5F4BD-801B-4820-852F-D0735D67D300}
	EndProjectSection
EndProject
Global
	GlobalSection(SolutionConfiguration) = preSolution
		Debug = Debug
		Release = Release
	EndGlobalSection
	GlobalSection(ProjectConfiguration) = postSolution
		{3ED5F4BD-801B-4820-852F-D0735D67D300}.Debug.ActiveCfg = Debug|Win32
		{3ED5F4BD-801B-4820-852F-D0735D67D300}.Debug.Build.0 = Debug|Win32
		{3ED5F4BD-801B-4820-852F-D0735D67D300}.Release.ActiveCfg = Release|Win32
		{3ED5F4BD-801B-4820-852F-D0735D67D300}.Release.Build.0 = Release|Win32
		{23220F5C-EFED-4DC5-AE67-898AB830BCE2}.Debug.ActiveCfg = Debug|Win32
		{23220F5C-EFED-4DC5-AE67-898AB830BCE2}.Debug.Build.0 = Debug|Win32
		{23220F5C-EFED-4DC5-AE67-898AB830BCE2}.Release.ActiveCfg = Release|Win32
		{23220F5C-EFED-4DC5-AE67-898AB830BCE2}.Release.Build.0 = Release|Win32
		{F8070090-E9A2-4D42-9532-3E41041E91CF}.Debug.ActiveCfg = Debug|Win32
		{F8070090-E9A2-4D42-9532-3E41041E91CF}.Debug.Build.0 = Debug|Win32
		{F8070090-E9A2-4D42-9532-3E41041E91CF}.Release.ActiveCfg = Release|Win32
		{F8070090-E9A2-4D42-9532-3E41041E91CF}.Release.Build.0 = Release|Win32
		{2BACE1D1-9002-4BB3-B8E5-D66718D76B81}.Debug.ActiveCfg = Debug|Win32
		{2BACE1D1-9002-4BB3-B8E5-D66718D76B81}.Debug.Build.0 = Debug|Win32
		{2BACE1D1-9002-4BB3-B8E5-D66718D76B81}.Release.ActiveCfg = Release|Win32
		{2BACE1D1-9002-4BB3-B8E5-D66718D76B81}.Release.Build.0 = Release|Win32
		{2F31AA1C-CE38-4D66-A0AE-C7F83B3E024A}.Debug.ActiveCfg = Debug|Win32
		{2F31AA1C-CE38-4D66-A0AE-C7F83B3E024A}.Debug.Build.0 = Debug|Win32
		{2F31AA1C-CE38-4D66-A0AE-C7F83B3E024A}.Release.ActiveCfg = Release|Win32
		{2F31AA1C-CE38-4D66-A0AE-C7F83B3E024A}.Release.Build.0 = Release|Win32
		{491FC857-EBFD-4093-81E5-B0388F61424D}.Debug.ActiveCfg = Debug|Win32
		{491FC857-EBFD-4093-81E5-B0388F61424D}.Debug.Build.0 = Debug|Win32
		{491FC857-EBFD-4093-81E5-B0388F61424D}.Release.ActiveCfg = Release|Win32
		{491FC857-EBFD-4093-81E5-B0388F61424D}.Release.Build.0 = Release|Win32
		{AC0E1A22-2240-45CD-9E8C-61CE80FEF9B6}.Debug.ActiveCfg = Debug|Win32
		{AC0E1A22-2240-45CD-9E8C-61CE80FEF9B6}.Debug.Build.0 = Debug|Win32
		{AC0E1A22-2240-45CD-9E8C-61CE80FEF9B6}.Release.ActiveCfg = Release|Win32
		{AC0E1A22-2240-45CD-9E8C-61CE80FEF9B6}.Release.Build.0 = Release|Win32
		{6657AAB3-A537-4C8F-8A27-8FECF58EC156}.Debug.ActiveCfg = Debug|Win32
		{6657AAB3-A537-4C8F-8A27-8FECF58EC156}.Debug.Build.0 = Debug|Win32
		{6657AAB3-A537-4C8F-8A27-8FECF58EC156}.Release.ActiveCfg = Release|Win32
		{6657AAB3-A537-4C8F-8A27-8FECF58EC156}.Release.Build.0 = Release|Win32
		{6F7E6E00-AA9B-4366-9249-699C6D6CB4EC}.Debug.ActiveCfg = Debug|Win32
		{6F7E6E00-AA9B-4366-9249-699C6D6CB4EC}.Debug.Build.0 = Debug|Win32
		{6F7E6E00-AA9B-4366-9249-699C6D6CB4EC}.Release.ActiveCfg = Release|Win32
		{6F7E6E00-AA9B-4366-9249-699C6D6CB4EC}.Release.Build.0 = Release|Win32
	EndGlobalSection
	GlobalSection(ExtensibilityGlobals) = postSolution
	EndGlobalSection
	GlobalSection(ExtensibilityAddIns) = postSolution
	EndGlobalSection
EndGlobal
