<?xml version="1.0" encoding="utf-8"?>
<Project ToolsVersion="4.0" xmlns="http://schemas.microsoft.com/developer/msbuild/2003">
  <ItemGroup>
    <Filter Include="Source Files">
      <UniqueIdentifier>{4FC737F1-C7A5-4376-A066-2A32D752A2FF}</UniqueIdentifier>
      <Extensions>cpp;c;cc;cxx;def;odl;idl;hpj;bat;asm;asmx</Extensions>
    </Filter>
    <Filter Include="Header Files">
      <UniqueIdentifier>{93995380-89BD-4b04-88EB-625FBE52EBFB}</UniqueIdentifier>
      <Extensions>h;hpp;hxx;hm;inl;inc;xsd</Extensions>
    </Filter>
    <Filter Include="Resource Files">
      <UniqueIdentifier>{67DA6AB6-F800-4c08-8B7A-83BB121AAD01}</UniqueIdentifier>
      <Extensions>rc;ico;cur;bmp;dlg;rc2;rct;bin;rgs;gif;jpg;jpeg;jpe;resx;tiff;tif;png;wav</Extensions>
    </Filter>
  </ItemGroup>
  <ItemGroup>
    <ClCompile Include="action.cpp">
      <Filter>Source Files</Filter>
    </ClCompile>
    <ClCompile Include="advvis.cpp">
      <Filter>Source Files</Filter>
    </ClCompile>
    <ClCompile Include="ai.cpp">
      <Filter>Source Files</Filter>
    </ClCompile>
    <ClCompile Include="astar.cpp">
      <Filter>Source Files</Filter>
    </ClCompile>
    <ClCompile Include="atmos.cpp">
      <Filter>Source Files</Filter>
    </ClCompile>
    <ClCompile Include="aud.cpp">
      <Filter>Source Files</Filter>
    </ClCompile>
    <ClCompile Include="baseobject.cpp">
      <Filter>Source Files</Filter>
    </ClCompile>
    <ClCompile Include="bridge.cpp">
      <Filter>Source Files</Filter>
    </ClCompile>
    <ClCompile Include="bucket3d.cpp">
      <Filter>Source Files</Filter>
    </ClCompile>
    <ClCompile Include="challenge.cpp">
      <Filter>Source Files</Filter>
    </ClCompile>
    <ClCompile Include="cheat.cpp">
      <Filter>Source Files</Filter>
    </ClCompile>
    <ClCompile Include="clparse.cpp">
      <Filter>Source Files</Filter>
    </ClCompile>
    <ClCompile Include="cluster.cpp">
      <Filter>Source Files</Filter>
    </ClCompile>
    <ClCompile Include="cmddroid.cpp">
      <Filter>Source Files</Filter>
    </ClCompile>
    <ClCompile Include="combat.cpp">
      <Filter>Source Files</Filter>
    </ClCompile>
    <ClCompile Include="component.cpp">
      <Filter>Source Files</Filter>
    </ClCompile>
    <ClCompile Include="configuration.cpp">
      <Filter>Source Files</Filter>
    </ClCompile>
    <ClCompile Include="console.cpp">
      <Filter>Source Files</Filter>
    </ClCompile>
    <ClCompile Include="data.cpp">
      <Filter>Source Files</Filter>
    </ClCompile>
    <ClCompile Include="design.cpp">
      <Filter>Source Files</Filter>
    </ClCompile>
    <ClCompile Include="difficulty.cpp">
      <Filter>Source Files</Filter>
    </ClCompile>
    <ClCompile Include="display.cpp">
      <Filter>Source Files</Filter>
    </ClCompile>
    <ClCompile Include="display3d.cpp">
      <Filter>Source Files</Filter>
    </ClCompile>
    <ClCompile Include="drive.cpp">
      <Filter>Source Files</Filter>
    </ClCompile>
    <ClCompile Include="droid.cpp">
      <Filter>Source Files</Filter>
    </ClCompile>
    <ClCompile Include="edit3d.cpp">
      <Filter>Source Files</Filter>
    </ClCompile>
    <ClCompile Include="effects.cpp">
      <Filter>Source Files</Filter>
    </ClCompile>
    <ClCompile Include="feature.cpp">
      <Filter>Source Files</Filter>
    </ClCompile>
    <ClCompile Include="fpath.cpp">
      <Filter>Source Files</Filter>
    </ClCompile>
    <ClCompile Include="frontend.cpp">
      <Filter>Source Files</Filter>
    </ClCompile>
    <ClCompile Include="game.cpp">
      <Filter>Source Files</Filter>
    </ClCompile>
    <ClCompile Include="gateway.cpp">
      <Filter>Source Files</Filter>
    </ClCompile>
    <ClCompile Include="geometry.cpp">
      <Filter>Source Files</Filter>
    </ClCompile>
    <ClCompile Include="group.cpp">
      <Filter>Source Files</Filter>
    </ClCompile>
    <ClCompile Include="hci.cpp">
      <Filter>Source Files</Filter>
    </ClCompile>
    <ClCompile Include="ingameop.cpp">
      <Filter>Source Files</Filter>
    </ClCompile>
    <ClCompile Include="init.cpp">
      <Filter>Source Files</Filter>
    </ClCompile>
    <ClCompile Include="intdisplay.cpp">
      <Filter>Source Files</Filter>
    </ClCompile>
    <ClCompile Include="intelmap.cpp">
      <Filter>Source Files</Filter>
    </ClCompile>
    <ClCompile Include="intimage.cpp">
      <Filter>Source Files</Filter>
    </ClCompile>
    <ClCompile Include="intorder.cpp">
      <Filter>Source Files</Filter>
    </ClCompile>
    <ClCompile Include="keybind.cpp">
      <Filter>Source Files</Filter>
    </ClCompile>
    <ClCompile Include="keyedit.cpp">
      <Filter>Source Files</Filter>
    </ClCompile>
    <ClCompile Include="keymap.cpp">
      <Filter>Source Files</Filter>
    </ClCompile>
    <ClCompile Include="levels.cpp">
      <Filter>Source Files</Filter>
    </ClCompile>
    <ClCompile Include="lighting.cpp">
      <Filter>Source Files</Filter>
    </ClCompile>
    <ClCompile Include="loadsave.cpp">
      <Filter>Source Files</Filter>
    </ClCompile>
    <ClCompile Include="loop.cpp">
      <Filter>Source Files</Filter>
    </ClCompile>
    <ClCompile Include="main.cpp">
      <Filter>Source Files</Filter>
    </ClCompile>
    <ClCompile Include="map.cpp">
      <Filter>Source Files</Filter>
    </ClCompile>
    <ClCompile Include="mapdisplay.cpp">
      <Filter>Source Files</Filter>
    </ClCompile>
    <ClCompile Include="mapgrid.cpp">
      <Filter>Source Files</Filter>
    </ClCompile>
    <ClCompile Include="mechanics.cpp">
      <Filter>Source Files</Filter>
    </ClCompile>
    <ClCompile Include="message.cpp">
      <Filter>Source Files</Filter>
    </ClCompile>
    <ClCompile Include="miscimd.cpp">
      <Filter>Source Files</Filter>
    </ClCompile>
    <ClCompile Include="mission.cpp">
      <Filter>Source Files</Filter>
    </ClCompile>
    <ClCompile Include="move.cpp">
      <Filter>Source Files</Filter>
    </ClCompile>
    <ClCompile Include="multibot.cpp">
      <Filter>Source Files</Filter>
    </ClCompile>
    <ClCompile Include="multigifts.cpp">
      <Filter>Source Files</Filter>
    </ClCompile>
    <ClCompile Include="multiint.cpp">
      <Filter>Source Files</Filter>
    </ClCompile>
    <ClCompile Include="multijoin.cpp">
      <Filter>Source Files</Filter>
    </ClCompile>
    <ClCompile Include="multilimit.cpp">
      <Filter>Source Files</Filter>
    </ClCompile>
    <ClCompile Include="multimenu.cpp">
      <Filter>Source Files</Filter>
    </ClCompile>
    <ClCompile Include="multiopt.cpp">
      <Filter>Source Files</Filter>
    </ClCompile>
    <ClCompile Include="multiplay.cpp">
      <Filter>Source Files</Filter>
    </ClCompile>
    <ClCompile Include="multistat.cpp">
      <Filter>Source Files</Filter>
    </ClCompile>
    <ClCompile Include="multistruct.cpp">
      <Filter>Source Files</Filter>
    </ClCompile>
    <ClCompile Include="multisync.cpp">
      <Filter>Source Files</Filter>
    </ClCompile>
    <ClCompile Include="objects.cpp">
      <Filter>Source Files</Filter>
    </ClCompile>
    <ClCompile Include="objmem.cpp">
      <Filter>Source Files</Filter>
    </ClCompile>
    <ClCompile Include="oprint.cpp">
      <Filter>Source Files</Filter>
    </ClCompile>
    <ClCompile Include="order.cpp">
      <Filter>Source Files</Filter>
    </ClCompile>
    <ClCompile Include="pointtree.cpp">
      <Filter>Source Files</Filter>
    </ClCompile>
    <ClCompile Include="power.cpp">
      <Filter>Source Files</Filter>
    </ClCompile>
    <ClCompile Include="projectile.cpp">
      <Filter>Source Files</Filter>
    </ClCompile>
    <ClCompile Include="radar.cpp">
      <Filter>Source Files</Filter>
    </ClCompile>
    <ClCompile Include="random.cpp">
      <Filter>Source Files</Filter>
    </ClCompile>
    <ClCompile Include="raycast.cpp">
      <Filter>Source Files</Filter>
    </ClCompile>
    <ClCompile Include="research.cpp">
      <Filter>Source Files</Filter>
    </ClCompile>
    <ClCompile Include="scores.cpp">
      <Filter>Source Files</Filter>
    </ClCompile>
    <ClCompile Include="scriptai.cpp">
      <Filter>Source Files</Filter>
    </ClCompile>
    <ClCompile Include="scriptcb.cpp">
      <Filter>Source Files</Filter>
    </ClCompile>
    <ClCompile Include="scriptextern.cpp">
      <Filter>Source Files</Filter>
    </ClCompile>
    <ClCompile Include="scriptfuncs.cpp">
      <Filter>Source Files</Filter>
    </ClCompile>
    <ClCompile Include="scriptobj.cpp">
      <Filter>Source Files</Filter>
    </ClCompile>
    <ClCompile Include="scripttabs.cpp">
      <Filter>Source Files</Filter>
    </ClCompile>
    <ClCompile Include="scriptvals.cpp">
      <Filter>Source Files</Filter>
    </ClCompile>
    <ClCompile Include="selection.cpp">
      <Filter>Source Files</Filter>
    </ClCompile>
    <ClCompile Include="seqdisp.cpp">
      <Filter>Source Files</Filter>
    </ClCompile>
    <ClCompile Include="stats.cpp">
      <Filter>Source Files</Filter>
    </ClCompile>
    <ClCompile Include="structure.cpp">
      <Filter>Source Files</Filter>
    </ClCompile>
    <ClCompile Include="terrain.cpp">
      <Filter>Source Files</Filter>
    </ClCompile>
    <ClCompile Include="text.cpp">
      <Filter>Source Files</Filter>
    </ClCompile>
    <ClCompile Include="texture.cpp">
      <Filter>Source Files</Filter>
    </ClCompile>
    <ClCompile Include="transporter.cpp">
      <Filter>Source Files</Filter>
    </ClCompile>
    <ClCompile Include="version.cpp">
      <Filter>Source Files</Filter>
    </ClCompile>
    <ClCompile Include="visibility.cpp">
      <Filter>Source Files</Filter>
    </ClCompile>
    <ClCompile Include="warcam.cpp">
      <Filter>Source Files</Filter>
    </ClCompile>
    <ClCompile Include="warzoneconfig.cpp">
      <Filter>Source Files</Filter>
    </ClCompile>
    <ClCompile Include="wavecast.cpp">
      <Filter>Source Files</Filter>
    </ClCompile>
    <ClCompile Include="wrappers.cpp">
      <Filter>Source Files</Filter>
    </ClCompile>
    <ClCompile Include="qtscript.cpp">
      <Filter>Source Files</Filter>
    </ClCompile>
    <ClCompile Include="qtscriptfuncs.cpp">
      <Filter>Source Files</Filter>
    </ClCompile>
    <ClCompile Include="scriptvals_parser.cpp">
      <Filter>Source Files</Filter>
    </ClCompile>
    <ClCompile Include="scriptvals_lexer.cpp">
      <Filter>Source Files</Filter>
    </ClCompile>
    <ClCompile Include="level_lexer.cpp">
      <Filter>Source Files</Filter>
    </ClCompile>
    <ClCompile Include="template.cpp">
      <Filter>Source Files</Filter>
    </ClCompile>
    <ClCompile Include="qtscriptdebug.cpp">
      <Filter>Source Files</Filter>
    </ClCompile>
    <ClCompile Include="animobj.cpp">
      <Filter>Source Files</Filter>
    </ClCompile>
  </ItemGroup>
  <ItemGroup>
    <ClInclude Include="action.h">
      <Filter>Header Files</Filter>
    </ClInclude>
    <ClInclude Include="advvis.h">
      <Filter>Header Files</Filter>
    </ClInclude>
    <ClInclude Include="ai.h">
      <Filter>Header Files</Filter>
    </ClInclude>
    <ClInclude Include="anim_id.h">
      <Filter>Header Files</Filter>
    </ClInclude>
    <ClInclude Include="astar.h">
      <Filter>Header Files</Filter>
    </ClInclude>
    <ClInclude Include="atmos.h">
      <Filter>Header Files</Filter>
    </ClInclude>
    <ClInclude Include="autorevision.h">
      <Filter>Header Files</Filter>
    </ClInclude>
    <ClInclude Include="basedef.h">
      <Filter>Header Files</Filter>
    </ClInclude>
    <ClInclude Include="baseobject.h">
      <Filter>Header Files</Filter>
    </ClInclude>
    <ClInclude Include="bridge.h">
      <Filter>Header Files</Filter>
    </ClInclude>
    <ClInclude Include="bucket3d.h">
      <Filter>Header Files</Filter>
    </ClInclude>
    <ClInclude Include="challenge.h">
      <Filter>Header Files</Filter>
    </ClInclude>
    <ClInclude Include="cheat.h">
      <Filter>Header Files</Filter>
    </ClInclude>
    <ClInclude Include="clparse.h">
      <Filter>Header Files</Filter>
    </ClInclude>
    <ClInclude Include="cluster.h">
      <Filter>Header Files</Filter>
    </ClInclude>
    <ClInclude Include="cmddroid.h">
      <Filter>Header Files</Filter>
    </ClInclude>
    <ClInclude Include="cmddroiddef.h">
      <Filter>Header Files</Filter>
    </ClInclude>
    <ClInclude Include="combat.h">
      <Filter>Header Files</Filter>
    </ClInclude>
    <ClInclude Include="component.h">
      <Filter>Header Files</Filter>
    </ClInclude>
    <ClInclude Include="configuration.h">
      <Filter>Header Files</Filter>
    </ClInclude>
    <ClInclude Include="console.h">
      <Filter>Header Files</Filter>
    </ClInclude>
    <ClInclude Include="data.h">
      <Filter>Header Files</Filter>
    </ClInclude>
    <ClInclude Include="design.h">
      <Filter>Header Files</Filter>
    </ClInclude>
    <ClInclude Include="difficulty.h">
      <Filter>Header Files</Filter>
    </ClInclude>
    <ClInclude Include="display.h">
      <Filter>Header Files</Filter>
    </ClInclude>
    <ClInclude Include="display3d.h">
      <Filter>Header Files</Filter>
    </ClInclude>
    <ClInclude Include="display3ddef.h">
      <Filter>Header Files</Filter>
    </ClInclude>
    <ClInclude Include="displaydef.h">
      <Filter>Header Files</Filter>
    </ClInclude>
    <ClInclude Include="drive.h">
      <Filter>Header Files</Filter>
    </ClInclude>
    <ClInclude Include="droid.h">
      <Filter>Header Files</Filter>
    </ClInclude>
    <ClInclude Include="droiddef.h">
      <Filter>Header Files</Filter>
    </ClInclude>
    <ClInclude Include="edit3d.h">
      <Filter>Header Files</Filter>
    </ClInclude>
    <ClInclude Include="effects.h">
      <Filter>Header Files</Filter>
    </ClInclude>
    <ClInclude Include="feature.h">
      <Filter>Header Files</Filter>
    </ClInclude>
    <ClInclude Include="featuredef.h">
      <Filter>Header Files</Filter>
    </ClInclude>
    <ClInclude Include="fpath.h">
      <Filter>Header Files</Filter>
    </ClInclude>
    <ClInclude Include="frend.h">
      <Filter>Header Files</Filter>
    </ClInclude>
    <ClInclude Include="frontend.h">
      <Filter>Header Files</Filter>
    </ClInclude>
    <ClInclude Include="game.h">
      <Filter>Header Files</Filter>
    </ClInclude>
    <ClInclude Include="gateway.h">
      <Filter>Header Files</Filter>
    </ClInclude>
    <ClInclude Include="geometry.h">
      <Filter>Header Files</Filter>
    </ClInclude>
    <ClInclude Include="group.h">
      <Filter>Header Files</Filter>
    </ClInclude>
    <ClInclude Include="hci.h">
      <Filter>Header Files</Filter>
    </ClInclude>
    <ClInclude Include="ingameop.h">
      <Filter>Header Files</Filter>
    </ClInclude>
    <ClInclude Include="init.h">
      <Filter>Header Files</Filter>
    </ClInclude>
    <ClInclude Include="intdisplay.h">
      <Filter>Header Files</Filter>
    </ClInclude>
    <ClInclude Include="intelmap.h">
      <Filter>Header Files</Filter>
    </ClInclude>
    <ClInclude Include="intfac.h">
      <Filter>Header Files</Filter>
    </ClInclude>
    <ClInclude Include="intimage.h">
      <Filter>Header Files</Filter>
    </ClInclude>
    <ClInclude Include="intorder.h">
      <Filter>Header Files</Filter>
    </ClInclude>
    <ClInclude Include="keybind.h">
      <Filter>Header Files</Filter>
    </ClInclude>
    <ClInclude Include="keyedit.h">
      <Filter>Header Files</Filter>
    </ClInclude>
    <ClInclude Include="keymap.h">
      <Filter>Header Files</Filter>
    </ClInclude>
    <ClInclude Include="levelint.h">
      <Filter>Header Files</Filter>
    </ClInclude>
    <ClInclude Include="levels.h">
      <Filter>Header Files</Filter>
    </ClInclude>
    <ClInclude Include="lighting.h">
      <Filter>Header Files</Filter>
    </ClInclude>
    <ClInclude Include="loadsave.h">
      <Filter>Header Files</Filter>
    </ClInclude>
    <ClInclude Include="loop.h">
      <Filter>Header Files</Filter>
    </ClInclude>
    <ClInclude Include="main.h">
      <Filter>Header Files</Filter>
    </ClInclude>
    <ClInclude Include="map.h">
      <Filter>Header Files</Filter>
    </ClInclude>
    <ClInclude Include="mapdisplay.h">
      <Filter>Header Files</Filter>
    </ClInclude>
    <ClInclude Include="mapgrid.h">
      <Filter>Header Files</Filter>
    </ClInclude>
    <ClInclude Include="mechanics.h">
      <Filter>Header Files</Filter>
    </ClInclude>
    <ClInclude Include="message.h">
      <Filter>Header Files</Filter>
    </ClInclude>
    <ClInclude Include="messagedef.h">
      <Filter>Header Files</Filter>
    </ClInclude>
    <ClInclude Include="miscimd.h">
      <Filter>Header Files</Filter>
    </ClInclude>
    <ClInclude Include="mission.h">
      <Filter>Header Files</Filter>
    </ClInclude>
    <ClInclude Include="missiondef.h">
      <Filter>Header Files</Filter>
    </ClInclude>
    <ClInclude Include="modding.h">
      <Filter>Header Files</Filter>
    </ClInclude>
    <ClInclude Include="move.h">
      <Filter>Header Files</Filter>
    </ClInclude>
    <ClInclude Include="movedef.h">
      <Filter>Header Files</Filter>
    </ClInclude>
    <ClInclude Include="multigifts.h">
      <Filter>Header Files</Filter>
    </ClInclude>
    <ClInclude Include="multiint.h">
      <Filter>Header Files</Filter>
    </ClInclude>
    <ClInclude Include="multijoin.h">
      <Filter>Header Files</Filter>
    </ClInclude>
    <ClInclude Include="multilimit.h">
      <Filter>Header Files</Filter>
    </ClInclude>
    <ClInclude Include="multimenu.h">
      <Filter>Header Files</Filter>
    </ClInclude>
    <ClInclude Include="multiplay.h">
      <Filter>Header Files</Filter>
    </ClInclude>
    <ClInclude Include="multirecv.h">
      <Filter>Header Files</Filter>
    </ClInclude>
    <ClInclude Include="multistat.h">
      <Filter>Header Files</Filter>
    </ClInclude>
    <ClInclude Include="objectdef.h">
      <Filter>Header Files</Filter>
    </ClInclude>
    <ClInclude Include="objects.h">
      <Filter>Header Files</Filter>
    </ClInclude>
    <ClInclude Include="objmem.h">
      <Filter>Header Files</Filter>
    </ClInclude>
    <ClInclude Include="oprint.h">
      <Filter>Header Files</Filter>
    </ClInclude>
    <ClInclude Include="order.h">
      <Filter>Header Files</Filter>
    </ClInclude>
    <ClInclude Include="orderdef.h">
      <Filter>Header Files</Filter>
    </ClInclude>
    <ClInclude Include="pointtree.h">
      <Filter>Header Files</Filter>
    </ClInclude>
    <ClInclude Include="positiondef.h">
      <Filter>Header Files</Filter>
    </ClInclude>
    <ClInclude Include="power.h">
      <Filter>Header Files</Filter>
    </ClInclude>
    <ClInclude Include="projectile.h">
      <Filter>Header Files</Filter>
    </ClInclude>
    <ClInclude Include="projectiledef.h">
      <Filter>Header Files</Filter>
    </ClInclude>
    <ClInclude Include="radar.h">
      <Filter>Header Files</Filter>
    </ClInclude>
    <ClInclude Include="raycast.h">
      <Filter>Header Files</Filter>
    </ClInclude>
    <ClInclude Include="research.h">
      <Filter>Header Files</Filter>
    </ClInclude>
    <ClInclude Include="researchdef.h">
      <Filter>Header Files</Filter>
    </ClInclude>
    <ClInclude Include="scores.h">
      <Filter>Header Files</Filter>
    </ClInclude>
    <ClInclude Include="scriptai.h">
      <Filter>Header Files</Filter>
    </ClInclude>
    <ClInclude Include="scriptcb.h">
      <Filter>Header Files</Filter>
    </ClInclude>
    <ClInclude Include="scriptextern.h">
      <Filter>Header Files</Filter>
    </ClInclude>
    <ClInclude Include="scriptfuncs.h">
      <Filter>Header Files</Filter>
    </ClInclude>
    <ClInclude Include="scriptobj.h">
      <Filter>Header Files</Filter>
    </ClInclude>
    <ClInclude Include="scripttabs.h">
      <Filter>Header Files</Filter>
    </ClInclude>
    <ClInclude Include="scriptvals.h">
      <Filter>Header Files</Filter>
    </ClInclude>
    <ClInclude Include="selection.h">
      <Filter>Header Files</Filter>
    </ClInclude>
    <ClInclude Include="seqdisp.h">
      <Filter>Header Files</Filter>
    </ClInclude>
    <ClInclude Include="stats.h">
      <Filter>Header Files</Filter>
    </ClInclude>
    <ClInclude Include="statsdef.h">
      <Filter>Header Files</Filter>
    </ClInclude>
    <ClInclude Include="stringdef.h">
      <Filter>Header Files</Filter>
    </ClInclude>
    <ClInclude Include="structure.h">
      <Filter>Header Files</Filter>
    </ClInclude>
    <ClInclude Include="structuredef.h">
      <Filter>Header Files</Filter>
    </ClInclude>
    <ClInclude Include="text.h">
      <Filter>Header Files</Filter>
    </ClInclude>
    <ClInclude Include="texture.h">
      <Filter>Header Files</Filter>
    </ClInclude>
    <ClInclude Include="transporter.h">
      <Filter>Header Files</Filter>
    </ClInclude>
    <ClInclude Include="version.h">
      <Filter>Header Files</Filter>
    </ClInclude>
    <ClInclude Include="visibility.h">
      <Filter>Header Files</Filter>
    </ClInclude>
    <ClInclude Include="warcam.h">
      <Filter>Header Files</Filter>
    </ClInclude>
    <ClInclude Include="warzoneconfig.h">
      <Filter>Header Files</Filter>
    </ClInclude>
    <ClInclude Include="wavecast.h">
      <Filter>Header Files</Filter>
    </ClInclude>
    <ClInclude Include="weapondef.h">
      <Filter>Header Files</Filter>
    </ClInclude>
    <ClInclude Include="wrappers.h">
      <Filter>Header Files</Filter>
    </ClInclude>
    <ClInclude Include="qtscript.h">
      <Filter>Header Files</Filter>
    </ClInclude>
    <ClInclude Include="qtscriptfuncs.h">
      <Filter>Header Files</Filter>
    </ClInclude>
    <ClInclude Include="actiondef.h">
      <Filter>Header Files</Filter>
    </ClInclude>
    <ClInclude Include="qtscriptdebug.h">
      <Filter>Header Files</Filter>
    </ClInclude>
    <ClInclude Include="random.h">
      <Filter>Header Files</Filter>
    </ClInclude>
    <ClInclude Include="template.h">
      <Filter>Header Files</Filter>
    </ClInclude>
    <ClInclude Include="terrain.h">
      <Filter>Header Files</Filter>
    </ClInclude>
    <ClInclude Include="animobj.h">
      <Filter>Header Files</Filter>
    </ClInclude>
  </ItemGroup>
  <ItemGroup>
    <ResourceCompile Include="..\win32\warzone2100.rc">
      <Filter>Resource Files</Filter>
    </ResourceCompile>
  </ItemGroup>
  <ItemGroup>
    <None Include="packages.config" />
  </ItemGroup>
</Project>